// !$*UTF8*$!
{
	archiveVersion = 1;
	classes = {
	};
	objectVersion = 56;
	objects = {

/* Begin PBXBuildFile section */
		040979AC2AC1635900E7AA7E /* FoodPrintApp.swift in Sources */ = {isa = PBXBuildFile; fileRef = 040979AB2AC1635900E7AA7E /* FoodPrintApp.swift */; };
		040979AE2AC1635900E7AA7E /* ContentView.swift in Sources */ = {isa = PBXBuildFile; fileRef = 040979AD2AC1635900E7AA7E /* ContentView.swift */; };
		040979B02AC1635A00E7AA7E /* Assets.xcassets in Resources */ = {isa = PBXBuildFile; fileRef = 040979AF2AC1635A00E7AA7E /* Assets.xcassets */; };
		040979B32AC1635A00E7AA7E /* Preview Assets.xcassets in Resources */ = {isa = PBXBuildFile; fileRef = 040979B22AC1635A00E7AA7E /* Preview Assets.xcassets */; };
		040979BD2AC1635A00E7AA7E /* FoodPrintTests.swift in Sources */ = {isa = PBXBuildFile; fileRef = 040979BC2AC1635A00E7AA7E /* FoodPrintTests.swift */; };
		040979C72AC1635A00E7AA7E /* FoodPrintUITests.swift in Sources */ = {isa = PBXBuildFile; fileRef = 040979C62AC1635A00E7AA7E /* FoodPrintUITests.swift */; };
		040979C92AC1635A00E7AA7E /* FoodPrintUITestsLaunchTests.swift in Sources */ = {isa = PBXBuildFile; fileRef = 040979C82AC1635A00E7AA7E /* FoodPrintUITestsLaunchTests.swift */; };
/* End PBXBuildFile section */

/* Begin PBXContainerItemProxy section */
		040979B92AC1635A00E7AA7E /* PBXContainerItemProxy */ = {
			isa = PBXContainerItemProxy;
			containerPortal = 040979A02AC1635800E7AA7E /* Project object */;
			proxyType = 1;
			remoteGlobalIDString = 040979A72AC1635800E7AA7E;
			remoteInfo = FoodPrint;
		};
		040979C32AC1635A00E7AA7E /* PBXContainerItemProxy */ = {
			isa = PBXContainerItemProxy;
			containerPortal = 040979A02AC1635800E7AA7E /* Project object */;
			proxyType = 1;
			remoteGlobalIDString = 040979A72AC1635800E7AA7E;
			remoteInfo = FoodPrint;
		};
/* End PBXContainerItemProxy section */

/* Begin PBXFileReference section */
		040979A82AC1635800E7AA7E /* FoodPrint.app */ = {isa = PBXFileReference; explicitFileType = wrapper.application; includeInIndex = 0; path = FoodPrint.app; sourceTree = BUILT_PRODUCTS_DIR; };
		040979AB2AC1635900E7AA7E /* FoodPrintApp.swift */ = {isa = PBXFileReference; lastKnownFileType = sourcecode.swift; path = FoodPrintApp.swift; sourceTree = "<group>"; };
		040979AD2AC1635900E7AA7E /* ContentView.swift */ = {isa = PBXFileReference; lastKnownFileType = sourcecode.swift; path = ContentView.swift; sourceTree = "<group>"; };
		040979AF2AC1635A00E7AA7E /* Assets.xcassets */ = {isa = PBXFileReference; lastKnownFileType = folder.assetcatalog; path = Assets.xcassets; sourceTree = "<group>"; };
		040979B22AC1635A00E7AA7E /* Preview Assets.xcassets */ = {isa = PBXFileReference; lastKnownFileType = folder.assetcatalog; path = "Preview Assets.xcassets"; sourceTree = "<group>"; };
		040979B82AC1635A00E7AA7E /* FoodPrintTests.xctest */ = {isa = PBXFileReference; explicitFileType = wrapper.cfbundle; includeInIndex = 0; path = FoodPrintTests.xctest; sourceTree = BUILT_PRODUCTS_DIR; };
		040979BC2AC1635A00E7AA7E /* FoodPrintTests.swift */ = {isa = PBXFileReference; lastKnownFileType = sourcecode.swift; path = FoodPrintTests.swift; sourceTree = "<group>"; };
		040979C22AC1635A00E7AA7E /* FoodPrintUITests.xctest */ = {isa = PBXFileReference; explicitFileType = wrapper.cfbundle; includeInIndex = 0; path = FoodPrintUITests.xctest; sourceTree = BUILT_PRODUCTS_DIR; };
		040979C62AC1635A00E7AA7E /* FoodPrintUITests.swift */ = {isa = PBXFileReference; lastKnownFileType = sourcecode.swift; path = FoodPrintUITests.swift; sourceTree = "<group>"; };
		040979C82AC1635A00E7AA7E /* FoodPrintUITestsLaunchTests.swift */ = {isa = PBXFileReference; lastKnownFileType = sourcecode.swift; path = FoodPrintUITestsLaunchTests.swift; sourceTree = "<group>"; };
/* End PBXFileReference section */

/* Begin PBXFrameworksBuildPhase section */
		040979A52AC1635800E7AA7E /* Frameworks */ = {
			isa = PBXFrameworksBuildPhase;
			buildActionMask = 2147483647;
			files = (
			);
			runOnlyForDeploymentPostprocessing = 0;
		};
		040979B52AC1635A00E7AA7E /* Frameworks */ = {
			isa = PBXFrameworksBuildPhase;
			buildActionMask = 2147483647;
			files = (
			);
			runOnlyForDeploymentPostprocessing = 0;
		};
		040979BF2AC1635A00E7AA7E /* Frameworks */ = {
			isa = PBXFrameworksBuildPhase;
			buildActionMask = 2147483647;
			files = (
			);
			runOnlyForDeploymentPostprocessing = 0;
		};
/* End PBXFrameworksBuildPhase section */

/* Begin PBXGroup section */
		0409799F2AC1635800E7AA7E = {
			isa = PBXGroup;
			children = (
				040979AA2AC1635800E7AA7E /* FoodPrint */,
				040979BB2AC1635A00E7AA7E /* FoodPrintTests */,
				040979C52AC1635A00E7AA7E /* FoodPrintUITests */,
				040979A92AC1635800E7AA7E /* Products */,
			);
			sourceTree = "<group>";
		};
		040979A92AC1635800E7AA7E /* Products */ = {
			isa = PBXGroup;
			children = (
				040979A82AC1635800E7AA7E /* FoodPrint.app */,
				040979B82AC1635A00E7AA7E /* FoodPrintTests.xctest */,
				040979C22AC1635A00E7AA7E /* FoodPrintUITests.xctest */,
			);
			name = Products;
			sourceTree = "<group>";
		};
		040979AA2AC1635800E7AA7E /* FoodPrint */ = {
			isa = PBXGroup;
			children = (
				040979AB2AC1635900E7AA7E /* FoodPrintApp.swift */,
				040979AD2AC1635900E7AA7E /* ContentView.swift */,
				040979AF2AC1635A00E7AA7E /* Assets.xcassets */,
				040979B12AC1635A00E7AA7E /* Preview Content */,
			);
			path = FoodPrint;
			sourceTree = "<group>";
		};
		040979B12AC1635A00E7AA7E /* Preview Content */ = {
			isa = PBXGroup;
			children = (
				040979B22AC1635A00E7AA7E /* Preview Assets.xcassets */,
			);
			path = "Preview Content";
			sourceTree = "<group>";
		};
		040979BB2AC1635A00E7AA7E /* FoodPrintTests */ = {
			isa = PBXGroup;
			children = (
				040979BC2AC1635A00E7AA7E /* FoodPrintTests.swift */,
			);
			path = FoodPrintTests;
			sourceTree = "<group>";
		};
		040979C52AC1635A00E7AA7E /* FoodPrintUITests */ = {
			isa = PBXGroup;
			children = (
				040979C62AC1635A00E7AA7E /* FoodPrintUITests.swift */,
				040979C82AC1635A00E7AA7E /* FoodPrintUITestsLaunchTests.swift */,
			);
			path = FoodPrintUITests;
			sourceTree = "<group>";
		};
/* End PBXGroup section */

/* Begin PBXNativeTarget section */
		040979A72AC1635800E7AA7E /* FoodPrint */ = {
			isa = PBXNativeTarget;
			buildConfigurationList = 040979CC2AC1635A00E7AA7E /* Build configuration list for PBXNativeTarget "FoodPrint" */;
			buildPhases = (
				040979A42AC1635800E7AA7E /* Sources */,
				040979A52AC1635800E7AA7E /* Frameworks */,
				040979A62AC1635800E7AA7E /* Resources */,
			);
			buildRules = (
			);
			dependencies = (
			);
			name = FoodPrint;
			productName = FoodPrint;
			productReference = 040979A82AC1635800E7AA7E /* FoodPrint.app */;
			productType = "com.apple.product-type.application";
		};
		040979B72AC1635A00E7AA7E /* FoodPrintTests */ = {
			isa = PBXNativeTarget;
			buildConfigurationList = 040979CF2AC1635A00E7AA7E /* Build configuration list for PBXNativeTarget "FoodPrintTests" */;
			buildPhases = (
				040979B42AC1635A00E7AA7E /* Sources */,
				040979B52AC1635A00E7AA7E /* Frameworks */,
				040979B62AC1635A00E7AA7E /* Resources */,
			);
			buildRules = (
			);
			dependencies = (
				040979BA2AC1635A00E7AA7E /* PBXTargetDependency */,
			);
			name = FoodPrintTests;
			productName = FoodPrintTests;
			productReference = 040979B82AC1635A00E7AA7E /* FoodPrintTests.xctest */;
			productType = "com.apple.product-type.bundle.unit-test";
		};
		040979C12AC1635A00E7AA7E /* FoodPrintUITests */ = {
			isa = PBXNativeTarget;
			buildConfigurationList = 040979D22AC1635A00E7AA7E /* Build configuration list for PBXNativeTarget "FoodPrintUITests" */;
			buildPhases = (
				040979BE2AC1635A00E7AA7E /* Sources */,
				040979BF2AC1635A00E7AA7E /* Frameworks */,
				040979C02AC1635A00E7AA7E /* Resources */,
			);
			buildRules = (
			);
			dependencies = (
				040979C42AC1635A00E7AA7E /* PBXTargetDependency */,
			);
			name = FoodPrintUITests;
			productName = FoodPrintUITests;
			productReference = 040979C22AC1635A00E7AA7E /* FoodPrintUITests.xctest */;
			productType = "com.apple.product-type.bundle.ui-testing";
		};
/* End PBXNativeTarget section */

/* Begin PBXProject section */
		040979A02AC1635800E7AA7E /* Project object */ = {
			isa = PBXProject;
			attributes = {
				BuildIndependentTargetsInParallel = 1;
				LastSwiftUpdateCheck = 1420;
				LastUpgradeCheck = 1420;
				TargetAttributes = {
					040979A72AC1635800E7AA7E = {
						CreatedOnToolsVersion = 14.2;
					};
					040979B72AC1635A00E7AA7E = {
						CreatedOnToolsVersion = 14.2;
						TestTargetID = 040979A72AC1635800E7AA7E;
					};
					040979C12AC1635A00E7AA7E = {
						CreatedOnToolsVersion = 14.2;
						TestTargetID = 040979A72AC1635800E7AA7E;
					};
				};
			};
			buildConfigurationList = 040979A32AC1635800E7AA7E /* Build configuration list for PBXProject "FoodPrint" */;
			compatibilityVersion = "Xcode 14.0";
			developmentRegion = en;
			hasScannedForEncodings = 0;
			knownRegions = (
				en,
				Base,
			);
			mainGroup = 0409799F2AC1635800E7AA7E;
			productRefGroup = 040979A92AC1635800E7AA7E /* Products */;
			projectDirPath = "";
			projectRoot = "";
			targets = (
				040979A72AC1635800E7AA7E /* FoodPrint */,
				040979B72AC1635A00E7AA7E /* FoodPrintTests */,
				040979C12AC1635A00E7AA7E /* FoodPrintUITests */,
			);
		};
/* End PBXProject section */

/* Begin PBXResourcesBuildPhase section */
		040979A62AC1635800E7AA7E /* Resources */ = {
			isa = PBXResourcesBuildPhase;
			buildActionMask = 2147483647;
			files = (
				040979B32AC1635A00E7AA7E /* Preview Assets.xcassets in Resources */,
				040979B02AC1635A00E7AA7E /* Assets.xcassets in Resources */,
			);
			runOnlyForDeploymentPostprocessing = 0;
		};
		040979B62AC1635A00E7AA7E /* Resources */ = {
			isa = PBXResourcesBuildPhase;
			buildActionMask = 2147483647;
			files = (
			);
			runOnlyForDeploymentPostprocessing = 0;
		};
		040979C02AC1635A00E7AA7E /* Resources */ = {
			isa = PBXResourcesBuildPhase;
			buildActionMask = 2147483647;
			files = (
			);
			runOnlyForDeploymentPostprocessing = 0;
		};
/* End PBXResourcesBuildPhase section */

/* Begin PBXSourcesBuildPhase section */
		040979A42AC1635800E7AA7E /* Sources */ = {
			isa = PBXSourcesBuildPhase;
			buildActionMask = 2147483647;
			files = (
				040979AE2AC1635900E7AA7E /* ContentView.swift in Sources */,
				040979AC2AC1635900E7AA7E /* FoodPrintApp.swift in Sources */,
			);
			runOnlyForDeploymentPostprocessing = 0;
		};
		040979B42AC1635A00E7AA7E /* Sources */ = {
			isa = PBXSourcesBuildPhase;
			buildActionMask = 2147483647;
			files = (
				040979BD2AC1635A00E7AA7E /* FoodPrintTests.swift in Sources */,
			);
			runOnlyForDeploymentPostprocessing = 0;
		};
		040979BE2AC1635A00E7AA7E /* Sources */ = {
			isa = PBXSourcesBuildPhase;
			buildActionMask = 2147483647;
			files = (
				040979C92AC1635A00E7AA7E /* FoodPrintUITestsLaunchTests.swift in Sources */,
				040979C72AC1635A00E7AA7E /* FoodPrintUITests.swift in Sources */,
			);
			runOnlyForDeploymentPostprocessing = 0;
		};
/* End PBXSourcesBuildPhase section */

/* Begin PBXTargetDependency section */
		040979BA2AC1635A00E7AA7E /* PBXTargetDependency */ = {
			isa = PBXTargetDependency;
			target = 040979A72AC1635800E7AA7E /* FoodPrint */;
			targetProxy = 040979B92AC1635A00E7AA7E /* PBXContainerItemProxy */;
		};
		040979C42AC1635A00E7AA7E /* PBXTargetDependency */ = {
			isa = PBXTargetDependency;
			target = 040979A72AC1635800E7AA7E /* FoodPrint */;
			targetProxy = 040979C32AC1635A00E7AA7E /* PBXContainerItemProxy */;
		};
/* End PBXTargetDependency section */

/* Begin XCBuildConfiguration section */
		040979CA2AC1635A00E7AA7E /* Debug */ = {
			isa = XCBuildConfiguration;
			buildSettings = {
				ALWAYS_SEARCH_USER_PATHS = NO;
				CLANG_ANALYZER_NONNULL = YES;
				CLANG_ANALYZER_NUMBER_OBJECT_CONVERSION = YES_AGGRESSIVE;
				CLANG_CXX_LANGUAGE_STANDARD = "gnu++20";
				CLANG_ENABLE_MODULES = YES;
				CLANG_ENABLE_OBJC_ARC = YES;
				CLANG_ENABLE_OBJC_WEAK = YES;
				CLANG_WARN_BLOCK_CAPTURE_AUTORELEASING = YES;
				CLANG_WARN_BOOL_CONVERSION = YES;
				CLANG_WARN_COMMA = YES;
				CLANG_WARN_CONSTANT_CONVERSION = YES;
				CLANG_WARN_DEPRECATED_OBJC_IMPLEMENTATIONS = YES;
				CLANG_WARN_DIRECT_OBJC_ISA_USAGE = YES_ERROR;
				CLANG_WARN_DOCUMENTATION_COMMENTS = YES;
				CLANG_WARN_EMPTY_BODY = YES;
				CLANG_WARN_ENUM_CONVERSION = YES;
				CLANG_WARN_INFINITE_RECURSION = YES;
				CLANG_WARN_INT_CONVERSION = YES;
				CLANG_WARN_NON_LITERAL_NULL_CONVERSION = YES;
				CLANG_WARN_OBJC_IMPLICIT_RETAIN_SELF = YES;
				CLANG_WARN_OBJC_LITERAL_CONVERSION = YES;
				CLANG_WARN_OBJC_ROOT_CLASS = YES_ERROR;
				CLANG_WARN_QUOTED_INCLUDE_IN_FRAMEWORK_HEADER = YES;
				CLANG_WARN_RANGE_LOOP_ANALYSIS = YES;
				CLANG_WARN_STRICT_PROTOTYPES = YES;
				CLANG_WARN_SUSPICIOUS_MOVE = YES;
				CLANG_WARN_UNGUARDED_AVAILABILITY = YES_AGGRESSIVE;
				CLANG_WARN_UNREACHABLE_CODE = YES;
				CLANG_WARN__DUPLICATE_METHOD_MATCH = YES;
				COPY_PHASE_STRIP = NO;
				DEBUG_INFORMATION_FORMAT = dwarf;
				ENABLE_STRICT_OBJC_MSGSEND = YES;
				ENABLE_TESTABILITY = YES;
				GCC_C_LANGUAGE_STANDARD = gnu11;
				GCC_DYNAMIC_NO_PIC = NO;
				GCC_NO_COMMON_BLOCKS = YES;
				GCC_OPTIMIZATION_LEVEL = 0;
				GCC_PREPROCESSOR_DEFINITIONS = (
					"DEBUG=1",
					"$(inherited)",
				);
				GCC_WARN_64_TO_32_BIT_CONVERSION = YES;
				GCC_WARN_ABOUT_RETURN_TYPE = YES_ERROR;
				GCC_WARN_UNDECLARED_SELECTOR = YES;
				GCC_WARN_UNINITIALIZED_AUTOS = YES_AGGRESSIVE;
				GCC_WARN_UNUSED_FUNCTION = YES;
				GCC_WARN_UNUSED_VARIABLE = YES;
				IPHONEOS_DEPLOYMENT_TARGET = 16.2;
				MTL_ENABLE_DEBUG_INFO = INCLUDE_SOURCE;
				MTL_FAST_MATH = YES;
				ONLY_ACTIVE_ARCH = YES;
				SDKROOT = iphoneos;
				SWIFT_ACTIVE_COMPILATION_CONDITIONS = DEBUG;
				SWIFT_OPTIMIZATION_LEVEL = "-Onone";
			};
			name = Debug;
		};
		040979CB2AC1635A00E7AA7E /* Release */ = {
			isa = XCBuildConfiguration;
			buildSettings = {
				ALWAYS_SEARCH_USER_PATHS = NO;
				CLANG_ANALYZER_NONNULL = YES;
				CLANG_ANALYZER_NUMBER_OBJECT_CONVERSION = YES_AGGRESSIVE;
				CLANG_CXX_LANGUAGE_STANDARD = "gnu++20";
				CLANG_ENABLE_MODULES = YES;
				CLANG_ENABLE_OBJC_ARC = YES;
				CLANG_ENABLE_OBJC_WEAK = YES;
				CLANG_WARN_BLOCK_CAPTURE_AUTORELEASING = YES;
				CLANG_WARN_BOOL_CONVERSION = YES;
				CLANG_WARN_COMMA = YES;
				CLANG_WARN_CONSTANT_CONVERSION = YES;
				CLANG_WARN_DEPRECATED_OBJC_IMPLEMENTATIONS = YES;
				CLANG_WARN_DIRECT_OBJC_ISA_USAGE = YES_ERROR;
				CLANG_WARN_DOCUMENTATION_COMMENTS = YES;
				CLANG_WARN_EMPTY_BODY = YES;
				CLANG_WARN_ENUM_CONVERSION = YES;
				CLANG_WARN_INFINITE_RECURSION = YES;
				CLANG_WARN_INT_CONVERSION = YES;
				CLANG_WARN_NON_LITERAL_NULL_CONVERSION = YES;
				CLANG_WARN_OBJC_IMPLICIT_RETAIN_SELF = YES;
				CLANG_WARN_OBJC_LITERAL_CONVERSION = YES;
				CLANG_WARN_OBJC_ROOT_CLASS = YES_ERROR;
				CLANG_WARN_QUOTED_INCLUDE_IN_FRAMEWORK_HEADER = YES;
				CLANG_WARN_RANGE_LOOP_ANALYSIS = YES;
				CLANG_WARN_STRICT_PROTOTYPES = YES;
				CLANG_WARN_SUSPICIOUS_MOVE = YES;
				CLANG_WARN_UNGUARDED_AVAILABILITY = YES_AGGRESSIVE;
				CLANG_WARN_UNREACHABLE_CODE = YES;
				CLANG_WARN__DUPLICATE_METHOD_MATCH = YES;
				COPY_PHASE_STRIP = NO;
				DEBUG_INFORMATION_FORMAT = "dwarf-with-dsym";
				ENABLE_NS_ASSERTIONS = NO;
				ENABLE_STRICT_OBJC_MSGSEND = YES;
				GCC_C_LANGUAGE_STANDARD = gnu11;
				GCC_NO_COMMON_BLOCKS = YES;
				GCC_WARN_64_TO_32_BIT_CONVERSION = YES;
				GCC_WARN_ABOUT_RETURN_TYPE = YES_ERROR;
				GCC_WARN_UNDECLARED_SELECTOR = YES;
				GCC_WARN_UNINITIALIZED_AUTOS = YES_AGGRESSIVE;
				GCC_WARN_UNUSED_FUNCTION = YES;
				GCC_WARN_UNUSED_VARIABLE = YES;
				IPHONEOS_DEPLOYMENT_TARGET = 16.2;
				MTL_ENABLE_DEBUG_INFO = NO;
				MTL_FAST_MATH = YES;
				SDKROOT = iphoneos;
				SWIFT_COMPILATION_MODE = wholemodule;
				SWIFT_OPTIMIZATION_LEVEL = "-O";
				VALIDATE_PRODUCT = YES;
			};
			name = Release;
		};
		040979CD2AC1635A00E7AA7E /* Debug */ = {
			isa = XCBuildConfiguration;
			buildSettings = {
				ASSETCATALOG_COMPILER_APPICON_NAME = AppIcon;
				ASSETCATALOG_COMPILER_GLOBAL_ACCENT_COLOR_NAME = AccentColor;
				CODE_SIGN_STYLE = Automatic;
				CURRENT_PROJECT_VERSION = 1;
				DEVELOPMENT_ASSET_PATHS = "\"FoodPrint/Preview Content\"";
				DEVELOPMENT_TEAM = DJY49YYL9Z;
				ENABLE_PREVIEWS = YES;
				GENERATE_INFOPLIST_FILE = YES;
				INFOPLIST_KEY_UIApplicationSceneManifest_Generation = YES;
				INFOPLIST_KEY_UIApplicationSupportsIndirectInputEvents = YES;
				INFOPLIST_KEY_UILaunchScreen_Generation = YES;
				INFOPLIST_KEY_UISupportedInterfaceOrientations_iPad = "UIInterfaceOrientationPortrait UIInterfaceOrientationPortraitUpsideDown UIInterfaceOrientationLandscapeLeft UIInterfaceOrientationLandscapeRight";
				INFOPLIST_KEY_UISupportedInterfaceOrientations_iPhone = "UIInterfaceOrientationPortrait UIInterfaceOrientationLandscapeLeft UIInterfaceOrientationLandscapeRight";
				LD_RUNPATH_SEARCH_PATHS = (
					"$(inherited)",
					"@executable_path/Frameworks",
				);
				MARKETING_VERSION = 1.0;
				PRODUCT_BUNDLE_IDENTIFIER = com.lexiezhou.FoodPrint;
				PRODUCT_NAME = "$(TARGET_NAME)";
				SWIFT_EMIT_LOC_STRINGS = YES;
				SWIFT_VERSION = 5.0;
				TARGETED_DEVICE_FAMILY = "1,2";
			};
			name = Debug;
		};
		040979CE2AC1635A00E7AA7E /* Release */ = {
			isa = XCBuildConfiguration;
			buildSettings = {
				ASSETCATALOG_COMPILER_APPICON_NAME = AppIcon;
				ASSETCATALOG_COMPILER_GLOBAL_ACCENT_COLOR_NAME = AccentColor;
				CODE_SIGN_STYLE = Automatic;
				CURRENT_PROJECT_VERSION = 1;
				DEVELOPMENT_ASSET_PATHS = "\"FoodPrint/Preview Content\"";
				DEVELOPMENT_TEAM = DJY49YYL9Z;
				ENABLE_PREVIEWS = YES;
				GENERATE_INFOPLIST_FILE = YES;
				INFOPLIST_KEY_UIApplicationSceneManifest_Generation = YES;
				INFOPLIST_KEY_UIApplicationSupportsIndirectInputEvents = YES;
				INFOPLIST_KEY_UILaunchScreen_Generation = YES;
				INFOPLIST_KEY_UISupportedInterfaceOrientations_iPad = "UIInterfaceOrientationPortrait UIInterfaceOrientationPortraitUpsideDown UIInterfaceOrientationLandscapeLeft UIInterfaceOrientationLandscapeRight";
				INFOPLIST_KEY_UISupportedInterfaceOrientations_iPhone = "UIInterfaceOrientationPortrait UIInterfaceOrientationLandscapeLeft UIInterfaceOrientationLandscapeRight";
				LD_RUNPATH_SEARCH_PATHS = (
					"$(inherited)",
					"@executable_path/Frameworks",
				);
				MARKETING_VERSION = 1.0;
				PRODUCT_BUNDLE_IDENTIFIER = com.lexiezhou.FoodPrint;
				PRODUCT_NAME = "$(TARGET_NAME)";
				SWIFT_EMIT_LOC_STRINGS = YES;
				SWIFT_VERSION = 5.0;
				TARGETED_DEVICE_FAMILY = "1,2";
			};
			name = Release;
		};
		040979D02AC1635A00E7AA7E /* Debug */ = {
			isa = XCBuildConfiguration;
			buildSettings = {
				ALWAYS_EMBED_SWIFT_STANDARD_LIBRARIES = YES;
				BUNDLE_LOADER = "$(TEST_HOST)";
				CODE_SIGN_STYLE = Automatic;
				CURRENT_PROJECT_VERSION = 1;
				DEVELOPMENT_TEAM = DJY49YYL9Z;
				GENERATE_INFOPLIST_FILE = YES;
				IPHONEOS_DEPLOYMENT_TARGET = 16.2;
				MARKETING_VERSION = 1.0;
				PRODUCT_BUNDLE_IDENTIFIER = com.lexiezhou.FoodPrintTests;
				PRODUCT_NAME = "$(TARGET_NAME)";
				SWIFT_EMIT_LOC_STRINGS = NO;
				SWIFT_VERSION = 5.0;
				TARGETED_DEVICE_FAMILY = "1,2";
				TEST_HOST = "$(BUILT_PRODUCTS_DIR)/FoodPrint.app/$(BUNDLE_EXECUTABLE_FOLDER_PATH)/FoodPrint";
			};
			name = Debug;
		};
		040979D12AC1635A00E7AA7E /* Release */ = {
			isa = XCBuildConfiguration;
			buildSettings = {
				ALWAYS_EMBED_SWIFT_STANDARD_LIBRARIES = YES;
				BUNDLE_LOADER = "$(TEST_HOST)";
				CODE_SIGN_STYLE = Automatic;
				CURRENT_PROJECT_VERSION = 1;
				DEVELOPMENT_TEAM = DJY49YYL9Z;
				GENERATE_INFOPLIST_FILE = YES;
				IPHONEOS_DEPLOYMENT_TARGET = 16.2;
				MARKETING_VERSION = 1.0;
				PRODUCT_BUNDLE_IDENTIFIER = com.lexiezhou.FoodPrintTests;
				PRODUCT_NAME = "$(TARGET_NAME)";
				SWIFT_EMIT_LOC_STRINGS = NO;
				SWIFT_VERSION = 5.0;
				TARGETED_DEVICE_FAMILY = "1,2";
				TEST_HOST = "$(BUILT_PRODUCTS_DIR)/FoodPrint.app/$(BUNDLE_EXECUTABLE_FOLDER_PATH)/FoodPrint";
			};
			name = Release;
		};
		040979D32AC1635A00E7AA7E /* Debug */ = {
			isa = XCBuildConfiguration;
			buildSettings = {
				ALWAYS_EMBED_SWIFT_STANDARD_LIBRARIES = YES;
				CODE_SIGN_STYLE = Automatic;
				CURRENT_PROJECT_VERSION = 1;
				DEVELOPMENT_TEAM = DJY49YYL9Z;
				GENERATE_INFOPLIST_FILE = YES;
				MARKETING_VERSION = 1.0;
				PRODUCT_BUNDLE_IDENTIFIER = com.lexiezhou.FoodPrintUITests;
				PRODUCT_NAME = "$(TARGET_NAME)";
				SWIFT_EMIT_LOC_STRINGS = NO;
				SWIFT_VERSION = 5.0;
				TARGETED_DEVICE_FAMILY = "1,2";
				TEST_TARGET_NAME = FoodPrint;
			};
			name = Debug;
		};
		040979D42AC1635A00E7AA7E /* Release */ = {
			isa = XCBuildConfiguration;
			buildSettings = {
				ALWAYS_EMBED_SWIFT_STANDARD_LIBRARIES = YES;
				CODE_SIGN_STYLE = Automatic;
				CURRENT_PROJECT_VERSION = 1;
				DEVELOPMENT_TEAM = DJY49YYL9Z;
				GENERATE_INFOPLIST_FILE = YES;
				MARKETING_VERSION = 1.0;
				PRODUCT_BUNDLE_IDENTIFIER = com.lexiezhou.FoodPrintUITests;
				PRODUCT_NAME = "$(TARGET_NAME)";
				SWIFT_EMIT_LOC_STRINGS = NO;
				SWIFT_VERSION = 5.0;
				TARGETED_DEVICE_FAMILY = "1,2";
				TEST_TARGET_NAME = FoodPrint;
			};
			name = Release;
		};
/* End XCBuildConfiguration section */

/* Begin XCConfigurationList section */
		040979A32AC1635800E7AA7E /* Build configuration list for PBXProject "FoodPrint" */ = {
			isa = XCConfigurationList;
			buildConfigurations = (
				040979CA2AC1635A00E7AA7E /* Debug */,
				040979CB2AC1635A00E7AA7E /* Release */,
			);
			defaultConfigurationIsVisible = 0;
			defaultConfigurationName = Release;
		};
		040979CC2AC1635A00E7AA7E /* Build configuration list for PBXNativeTarget "FoodPrint" */ = {
			isa = XCConfigurationList;
			buildConfigurations = (
				040979CD2AC1635A00E7AA7E /* Debug */,
				040979CE2AC1635A00E7AA7E /* Release */,
			);
			defaultConfigurationIsVisible = 0;
			defaultConfigurationName = Release;
		};
		040979CF2AC1635A00E7AA7E /* Build configuration list for PBXNativeTarget "FoodPrintTests" */ = {
			isa = XCConfigurationList;
			buildConfigurations = (
				040979D02AC1635A00E7AA7E /* Debug */,
				040979D12AC1635A00E7AA7E /* Release */,
			);
			defaultConfigurationIsVisible = 0;
			defaultConfigurationName = Release;
		};
		040979D22AC1635A00E7AA7E /* Build configuration list for PBXNativeTarget "FoodPrintUITests" */ = {
			isa = XCConfigurationList;
			buildConfigurations = (
				040979D32AC1635A00E7AA7E /* Debug */,
				040979D42AC1635A00E7AA7E /* Release */,
			);
			defaultConfigurationIsVisible = 0;
			defaultConfigurationName = Release;
		};
/* End XCConfigurationList section */
	};
	rootObject = 040979A02AC1635800E7AA7E /* Project object */;
}
