// !$*UTF8*$!
{
	archiveVersion = 1;
	classes = {
	};
	objectVersion = 56;
	objects = {

/* Begin PBXBuildFile section */
		040979AC2AC1635900E7AA7E /* FoodPrintApp.swift in Sources */ = {isa = PBXBuildFile; fileRef = 040979AB2AC1635900E7AA7E /* FoodPrintApp.swift */; };
		040979AE2AC1635900E7AA7E /* WelcomePageView.swift in Sources */ = {isa = PBXBuildFile; fileRef = 040979AD2AC1635900E7AA7E /* WelcomePageView.swift */; };
		040979B02AC1635A00E7AA7E /* Assets.xcassets in Resources */ = {isa = PBXBuildFile; fileRef = 040979AF2AC1635A00E7AA7E /* Assets.xcassets */; };
		040979B32AC1635A00E7AA7E /* Preview Assets.xcassets in Resources */ = {isa = PBXBuildFile; fileRef = 040979B22AC1635A00E7AA7E /* Preview Assets.xcassets */; };
		040979BD2AC1635A00E7AA7E /* FoodPrintTests.swift in Sources */ = {isa = PBXBuildFile; fileRef = 040979BC2AC1635A00E7AA7E /* FoodPrintTests.swift */; };
		040979C72AC1635A00E7AA7E /* FoodPrintUITests.swift in Sources */ = {isa = PBXBuildFile; fileRef = 040979C62AC1635A00E7AA7E /* FoodPrintUITests.swift */; };
		040979C92AC1635A00E7AA7E /* FoodPrintUITestsLaunchTests.swift in Sources */ = {isa = PBXBuildFile; fileRef = 040979C82AC1635A00E7AA7E /* FoodPrintUITestsLaunchTests.swift */; };
		040979DB2AC16A0700E7AA7E /* Kalam-Light.ttf in Resources */ = {isa = PBXBuildFile; fileRef = 040979D82AC16A0600E7AA7E /* Kalam-Light.ttf */; };
		040979DC2AC16A0700E7AA7E /* Kalam-Bold.ttf in Resources */ = {isa = PBXBuildFile; fileRef = 040979D92AC16A0600E7AA7E /* Kalam-Bold.ttf */; };
		040979DD2AC16A0700E7AA7E /* Kalam-Regular.ttf in Resources */ = {isa = PBXBuildFile; fileRef = 040979DA2AC16A0700E7AA7E /* Kalam-Regular.ttf */; };
		040979E12AC16C3E00E7AA7E /* fastingImg.png in Resources */ = {isa = PBXBuildFile; fileRef = 040979E02AC16C3E00E7AA7E /* fastingImg.png */; };
		0433BB832B07E378005976B9 /* AppIcon.png in Resources */ = {isa = PBXBuildFile; fileRef = 0433BB822B07E378005976B9 /* AppIcon.png */; };
		0433BB862B07E547005976B9 /* RecordIntent.swift in Sources */ = {isa = PBXBuildFile; fileRef = 0433BB852B07E547005976B9 /* RecordIntent.swift */; };
		0433BB882B07E752005976B9 /* RecordShortcuts.swift in Sources */ = {isa = PBXBuildFile; fileRef = 0433BB872B07E752005976B9 /* RecordShortcuts.swift */; };
		045354552B065B1E007BEBAE /* User.json in Resources */ = {isa = PBXBuildFile; fileRef = 045354542B065B1E007BEBAE /* User.json */; };
		0485CB8C2AF7FAC30093B68E /* ViewController.swift in Sources */ = {isa = PBXBuildFile; fileRef = 0485CB8B2AF7FAC30093B68E /* ViewController.swift */; };
		0485CB902AF806240093B68E /* SwipingHeightPage.swift in Sources */ = {isa = PBXBuildFile; fileRef = 0485CB8F2AF806240093B68E /* SwipingHeightPage.swift */; };
		0485CB922AF806CB0093B68E /* SwipingGenderPage.swift in Sources */ = {isa = PBXBuildFile; fileRef = 0485CB912AF806CB0093B68E /* SwipingGenderPage.swift */; };
		0485CB942AF8A8560093B68E /* SwipingWeightPage.swift in Sources */ = {isa = PBXBuildFile; fileRef = 0485CB932AF8A8560093B68E /* SwipingWeightPage.swift */; };
		0485CB962AF8A92B0093B68E /* SwipingEatPage.swift in Sources */ = {isa = PBXBuildFile; fileRef = 0485CB952AF8A92B0093B68E /* SwipingEatPage.swift */; };
		0485CB982AF8AA4F0093B68E /* SwipingAgePage.swift in Sources */ = {isa = PBXBuildFile; fileRef = 0485CB972AF8AA4F0093B68E /* SwipingAgePage.swift */; };
		0485CB9C2AF8B10B0093B68E /* gender.jpg in Resources */ = {isa = PBXBuildFile; fileRef = 0485CB992AF8B10A0093B68E /* gender.jpg */; };
		0485CB9D2AF8B10B0093B68E /* age.jpg in Resources */ = {isa = PBXBuildFile; fileRef = 0485CB9A2AF8B10A0093B68E /* age.jpg */; };
		0485CB9E2AF8B10B0093B68E /* measure_weight.jpg in Resources */ = {isa = PBXBuildFile; fileRef = 0485CB9B2AF8B10A0093B68E /* measure_weight.jpg */; };
		0485CBA02AF8B2750093B68E /* height.jpeg in Resources */ = {isa = PBXBuildFile; fileRef = 0485CB9F2AF8B2750093B68E /* height.jpeg */; };
		0485CBA22AF8B46E0093B68E /* eat.jpeg in Resources */ = {isa = PBXBuildFile; fileRef = 0485CBA12AF8B46E0093B68E /* eat.jpeg */; };
		0494BEC12ADAFA7100076F61 /* FirebaseAnalytics in Frameworks */ = {isa = PBXBuildFile; productRef = 0494BEC02ADAFA7100076F61 /* FirebaseAnalytics */; };
		0494BEC32ADAFA7100076F61 /* FirebaseAnalyticsOnDeviceConversion in Frameworks */ = {isa = PBXBuildFile; productRef = 0494BEC22ADAFA7100076F61 /* FirebaseAnalyticsOnDeviceConversion */; };
		0494BEC52ADAFA7100076F61 /* FirebaseAnalyticsSwift in Frameworks */ = {isa = PBXBuildFile; productRef = 0494BEC42ADAFA7100076F61 /* FirebaseAnalyticsSwift */; };
		0494BEC72ADAFA7100076F61 /* FirebaseAppCheck in Frameworks */ = {isa = PBXBuildFile; productRef = 0494BEC62ADAFA7100076F61 /* FirebaseAppCheck */; };
		0494BEC92ADAFA7100076F61 /* FirebaseAuth in Frameworks */ = {isa = PBXBuildFile; productRef = 0494BEC82ADAFA7100076F61 /* FirebaseAuth */; };
		0494BECB2ADAFA7100076F61 /* FirebaseAuthCombine-Community in Frameworks */ = {isa = PBXBuildFile; productRef = 0494BECA2ADAFA7100076F61 /* FirebaseAuthCombine-Community */; };
		0494BECD2ADAFA7100076F61 /* FirebaseDatabase in Frameworks */ = {isa = PBXBuildFile; productRef = 0494BECC2ADAFA7100076F61 /* FirebaseDatabase */; };
		0494BECF2ADAFA7100076F61 /* FirebaseDatabaseSwift in Frameworks */ = {isa = PBXBuildFile; productRef = 0494BECE2ADAFA7100076F61 /* FirebaseDatabaseSwift */; };
		0494BED12ADAFA7100076F61 /* FirebaseDynamicLinks in Frameworks */ = {isa = PBXBuildFile; productRef = 0494BED02ADAFA7100076F61 /* FirebaseDynamicLinks */; };
		0494BED32ADAFA7100076F61 /* FirebaseFirestore in Frameworks */ = {isa = PBXBuildFile; productRef = 0494BED22ADAFA7100076F61 /* FirebaseFirestore */; };
		0494BED52ADAFA7100076F61 /* FirebaseFirestoreCombine-Community in Frameworks */ = {isa = PBXBuildFile; productRef = 0494BED42ADAFA7100076F61 /* FirebaseFirestoreCombine-Community */; };
		0494BED72ADAFA7100076F61 /* FirebaseFirestoreSwift in Frameworks */ = {isa = PBXBuildFile; productRef = 0494BED62ADAFA7100076F61 /* FirebaseFirestoreSwift */; };
		0494BED92ADAFA7100076F61 /* FirebaseFunctions in Frameworks */ = {isa = PBXBuildFile; productRef = 0494BED82ADAFA7100076F61 /* FirebaseFunctions */; };
		0494BEDB2ADAFA7100076F61 /* FirebaseRemoteConfig in Frameworks */ = {isa = PBXBuildFile; productRef = 0494BEDA2ADAFA7100076F61 /* FirebaseRemoteConfig */; };
		0494BEDD2ADAFA7100076F61 /* FirebaseRemoteConfigSwift in Frameworks */ = {isa = PBXBuildFile; productRef = 0494BEDC2ADAFA7100076F61 /* FirebaseRemoteConfigSwift */; };
		0494BEDF2ADAFA7100076F61 /* FirebaseStorage in Frameworks */ = {isa = PBXBuildFile; productRef = 0494BEDE2ADAFA7100076F61 /* FirebaseStorage */; };
		0494BEE12ADB00A600076F61 /* ChatBotPageView.swift in Sources */ = {isa = PBXBuildFile; fileRef = 0494BEE02ADB00A600076F61 /* ChatBotPageView.swift */; };
		0494BEE22ADB00A600076F61 /* ChatBotPageView.swift in Sources */ = {isa = PBXBuildFile; fileRef = 0494BEE02ADB00A600076F61 /* ChatBotPageView.swift */; };
		0494BEE32ADB00A600076F61 /* ChatBotPageView.swift in Sources */ = {isa = PBXBuildFile; fileRef = 0494BEE02ADB00A600076F61 /* ChatBotPageView.swift */; };
		049C9B382ACBB87A00A95A98 /* LoginPageView.swift in Sources */ = {isa = PBXBuildFile; fileRef = 049C9B372ACBB87A00A95A98 /* LoginPageView.swift */; };
		049C9B3A2ACBBB0600A95A98 /* RegisterPageView.swift in Sources */ = {isa = PBXBuildFile; fileRef = 049C9B392ACBBB0600A95A98 /* RegisterPageView.swift */; };
		049C9B3C2ACBBB9C00A95A98 /* TabPageView.swift in Sources */ = {isa = PBXBuildFile; fileRef = 049C9B3B2ACBBB9C00A95A98 /* TabPageView.swift */; };
		049C9B3E2ACBBC3300A95A98 /* ProfilePageView.swift in Sources */ = {isa = PBXBuildFile; fileRef = 049C9B3D2ACBBC3300A95A98 /* ProfilePageView.swift */; };
		049C9B402ACBBF4800A95A98 /* HomePageView.swift in Sources */ = {isa = PBXBuildFile; fileRef = 049C9B3F2ACBBF4800A95A98 /* HomePageView.swift */; };
		049C9B422ACBC03800A95A98 /* RecordPageView.swift in Sources */ = {isa = PBXBuildFile; fileRef = 049C9B412ACBC03800A95A98 /* RecordPageView.swift */; };
		04AAE4CD2ADB90E20016CE4C /* GoogleService-Info.plist in Resources */ = {isa = PBXBuildFile; fileRef = 04AAE4CC2ADB90E20016CE4C /* GoogleService-Info.plist */; };
		04AAE4CE2ADB90E20016CE4C /* GoogleService-Info.plist in Resources */ = {isa = PBXBuildFile; fileRef = 04AAE4CC2ADB90E20016CE4C /* GoogleService-Info.plist */; };
		04AAE4CF2ADB90E20016CE4C /* GoogleService-Info.plist in Resources */ = {isa = PBXBuildFile; fileRef = 04AAE4CC2ADB90E20016CE4C /* GoogleService-Info.plist */; };
		04AD1E9F2B0203AD000E7AA3 /* DataManager.swift in Sources */ = {isa = PBXBuildFile; fileRef = 04AD1E9E2B0203AD000E7AA3 /* DataManager.swift */; };
		04AD1EA12B020BA5000E7AA3 /* background.jpg in Resources */ = {isa = PBXBuildFile; fileRef = 04AD1EA02B020BA4000E7AA3 /* background.jpg */; };
		04AD1EA52B021491000E7AA3 /* fastingClock.png in Resources */ = {isa = PBXBuildFile; fileRef = 04AD1EA42B021490000E7AA3 /* fastingClock.png */; };
		04AD1EA92B026A28000E7AA3 /* avatar.jpeg in Resources */ = {isa = PBXBuildFile; fileRef = 04AD1EA82B026A28000E7AA3 /* avatar.jpeg */; };
		04AD1EAD2B03967B000E7AA3 /* Calories.json in Resources */ = {isa = PBXBuildFile; fileRef = 04AD1EAC2B03967B000E7AA3 /* Calories.json */; };
		3AEB92452B0758E80025F126 /* FSCalendar in Frameworks */ = {isa = PBXBuildFile; productRef = 3AEB92442B0758E80025F126 /* FSCalendar */; };
		460CB2FC2AEFDC4E002388F5 /* SwiftUICharts in Frameworks */ = {isa = PBXBuildFile; productRef = 460CB2FB2AEFDC4E002388F5 /* SwiftUICharts */; };
		9D03D87F2AF9D56E009FDF47 /* Battery4.png in Resources */ = {isa = PBXBuildFile; fileRef = 9D03D8782AF9D56E009FDF47 /* Battery4.png */; };
		9D03D8802AF9D56E009FDF47 /* Battery1.png in Resources */ = {isa = PBXBuildFile; fileRef = 9D03D8792AF9D56E009FDF47 /* Battery1.png */; };
		9D03D8812AF9D56E009FDF47 /* Battery5.png in Resources */ = {isa = PBXBuildFile; fileRef = 9D03D87A2AF9D56E009FDF47 /* Battery5.png */; };
		9D03D8822AF9D56E009FDF47 /* camera-icon.png in Resources */ = {isa = PBXBuildFile; fileRef = 9D03D87B2AF9D56E009FDF47 /* camera-icon.png */; };
		9D03D8832AF9D56E009FDF47 /* Battery3.png in Resources */ = {isa = PBXBuildFile; fileRef = 9D03D87C2AF9D56E009FDF47 /* Battery3.png */; };
		9D03D8842AF9D56E009FDF47 /* Battery2.png in Resources */ = {isa = PBXBuildFile; fileRef = 9D03D87D2AF9D56E009FDF47 /* Battery2.png */; };
		9D03D8852AF9D56E009FDF47 /* Battery6.png in Resources */ = {isa = PBXBuildFile; fileRef = 9D03D87E2AF9D56E009FDF47 /* Battery6.png */; };
		9D03D8872AF9D591009FDF47 /* lightning.png in Resources */ = {isa = PBXBuildFile; fileRef = 9D03D8862AF9D591009FDF47 /* lightning.png */; };
		9D3E4C642AEFD5F600AA8495 /* Homepage-ViewModel.swift in Sources */ = {isa = PBXBuildFile; fileRef = 9D3E4C632AEFD5F600AA8495 /* Homepage-ViewModel.swift */; };
		9D8920232B025C99009BE076 /* XCTest.framework in Frameworks */ = {isa = PBXBuildFile; fileRef = 9D8920222B025C99009BE076 /* XCTest.framework */; settings = {ATTRIBUTES = (Weak, ); }; };
		9D8920252B026825009BE076 /* ImagePicker.swift in Sources */ = {isa = PBXBuildFile; fileRef = 9D8920242B026824009BE076 /* ImagePicker.swift */; };
/* End PBXBuildFile section */

/* Begin PBXContainerItemProxy section */
		040979B92AC1635A00E7AA7E /* PBXContainerItemProxy */ = {
			isa = PBXContainerItemProxy;
			containerPortal = 040979A02AC1635800E7AA7E /* Project object */;
			proxyType = 1;
			remoteGlobalIDString = 040979A72AC1635800E7AA7E;
			remoteInfo = FoodPrint;
		};
		040979C32AC1635A00E7AA7E /* PBXContainerItemProxy */ = {
			isa = PBXContainerItemProxy;
			containerPortal = 040979A02AC1635800E7AA7E /* Project object */;
			proxyType = 1;
			remoteGlobalIDString = 040979A72AC1635800E7AA7E;
			remoteInfo = FoodPrint;
		};
/* End PBXContainerItemProxy section */

/* Begin PBXFileReference section */
		040979A82AC1635800E7AA7E /* FoodPrint.app */ = {isa = PBXFileReference; explicitFileType = wrapper.application; includeInIndex = 0; path = FoodPrint.app; sourceTree = BUILT_PRODUCTS_DIR; };
		040979AB2AC1635900E7AA7E /* FoodPrintApp.swift */ = {isa = PBXFileReference; lastKnownFileType = sourcecode.swift; path = FoodPrintApp.swift; sourceTree = "<group>"; };
		040979AD2AC1635900E7AA7E /* WelcomePageView.swift */ = {isa = PBXFileReference; lastKnownFileType = sourcecode.swift; path = WelcomePageView.swift; sourceTree = "<group>"; wrapsLines = 1; };
		040979AF2AC1635A00E7AA7E /* Assets.xcassets */ = {isa = PBXFileReference; lastKnownFileType = folder.assetcatalog; path = Assets.xcassets; sourceTree = "<group>"; };
		040979B22AC1635A00E7AA7E /* Preview Assets.xcassets */ = {isa = PBXFileReference; lastKnownFileType = folder.assetcatalog; path = "Preview Assets.xcassets"; sourceTree = "<group>"; };
		040979B82AC1635A00E7AA7E /* FoodPrintTests.xctest */ = {isa = PBXFileReference; explicitFileType = wrapper.cfbundle; includeInIndex = 0; path = FoodPrintTests.xctest; sourceTree = BUILT_PRODUCTS_DIR; };
		040979BC2AC1635A00E7AA7E /* FoodPrintTests.swift */ = {isa = PBXFileReference; lastKnownFileType = sourcecode.swift; path = FoodPrintTests.swift; sourceTree = "<group>"; };
		040979C22AC1635A00E7AA7E /* FoodPrintUITests.xctest */ = {isa = PBXFileReference; explicitFileType = wrapper.cfbundle; includeInIndex = 0; path = FoodPrintUITests.xctest; sourceTree = BUILT_PRODUCTS_DIR; };
		040979C62AC1635A00E7AA7E /* FoodPrintUITests.swift */ = {isa = PBXFileReference; lastKnownFileType = sourcecode.swift; path = FoodPrintUITests.swift; sourceTree = "<group>"; };
		040979C82AC1635A00E7AA7E /* FoodPrintUITestsLaunchTests.swift */ = {isa = PBXFileReference; lastKnownFileType = sourcecode.swift; path = FoodPrintUITestsLaunchTests.swift; sourceTree = "<group>"; };
		040979D82AC16A0600E7AA7E /* Kalam-Light.ttf */ = {isa = PBXFileReference; lastKnownFileType = file; name = "Kalam-Light.ttf"; path = "FoodPrint/Fonts/Kalam-Light.ttf"; sourceTree = SOURCE_ROOT; };
		040979D92AC16A0600E7AA7E /* Kalam-Bold.ttf */ = {isa = PBXFileReference; lastKnownFileType = file; name = "Kalam-Bold.ttf"; path = "FoodPrint/Fonts/Kalam-Bold.ttf"; sourceTree = SOURCE_ROOT; };
		040979DA2AC16A0700E7AA7E /* Kalam-Regular.ttf */ = {isa = PBXFileReference; lastKnownFileType = file; name = "Kalam-Regular.ttf"; path = "FoodPrint/Fonts/Kalam-Regular.ttf"; sourceTree = SOURCE_ROOT; };
		040979DE2AC16B3B00E7AA7E /* Info.plist */ = {isa = PBXFileReference; lastKnownFileType = text.plist; path = Info.plist; sourceTree = "<group>"; };
		040979E02AC16C3E00E7AA7E /* fastingImg.png */ = {isa = PBXFileReference; lastKnownFileType = image.png; name = fastingImg.png; path = FoodPrint/Imgs/fastingImg.png; sourceTree = SOURCE_ROOT; };
		0433BB822B07E378005976B9 /* AppIcon.png */ = {isa = PBXFileReference; lastKnownFileType = image.png; path = AppIcon.png; sourceTree = "<group>"; };
		0433BB852B07E547005976B9 /* RecordIntent.swift */ = {isa = PBXFileReference; lastKnownFileType = sourcecode.swift; path = RecordIntent.swift; sourceTree = "<group>"; };
		0433BB872B07E752005976B9 /* RecordShortcuts.swift */ = {isa = PBXFileReference; lastKnownFileType = sourcecode.swift; path = RecordShortcuts.swift; sourceTree = "<group>"; };
		045354542B065B1E007BEBAE /* User.json */ = {isa = PBXFileReference; fileEncoding = 4; lastKnownFileType = text.json; path = User.json; sourceTree = "<group>"; };
		0485CB8B2AF7FAC30093B68E /* ViewController.swift */ = {isa = PBXFileReference; lastKnownFileType = sourcecode.swift; path = ViewController.swift; sourceTree = "<group>"; };
		0485CB8F2AF806240093B68E /* SwipingHeightPage.swift */ = {isa = PBXFileReference; lastKnownFileType = sourcecode.swift; path = SwipingHeightPage.swift; sourceTree = "<group>"; };
		0485CB912AF806CB0093B68E /* SwipingGenderPage.swift */ = {isa = PBXFileReference; lastKnownFileType = sourcecode.swift; path = SwipingGenderPage.swift; sourceTree = "<group>"; };
		0485CB932AF8A8560093B68E /* SwipingWeightPage.swift */ = {isa = PBXFileReference; lastKnownFileType = sourcecode.swift; path = SwipingWeightPage.swift; sourceTree = "<group>"; };
		0485CB952AF8A92B0093B68E /* SwipingEatPage.swift */ = {isa = PBXFileReference; lastKnownFileType = sourcecode.swift; path = SwipingEatPage.swift; sourceTree = "<group>"; };
		0485CB972AF8AA4F0093B68E /* SwipingAgePage.swift */ = {isa = PBXFileReference; lastKnownFileType = sourcecode.swift; path = SwipingAgePage.swift; sourceTree = "<group>"; };
		0485CB992AF8B10A0093B68E /* gender.jpg */ = {isa = PBXFileReference; lastKnownFileType = image.jpeg; path = gender.jpg; sourceTree = "<group>"; };
		0485CB9A2AF8B10A0093B68E /* age.jpg */ = {isa = PBXFileReference; lastKnownFileType = image.jpeg; path = age.jpg; sourceTree = "<group>"; };
		0485CB9B2AF8B10A0093B68E /* measure_weight.jpg */ = {isa = PBXFileReference; lastKnownFileType = image.jpeg; path = measure_weight.jpg; sourceTree = "<group>"; };
		0485CB9F2AF8B2750093B68E /* height.jpeg */ = {isa = PBXFileReference; lastKnownFileType = image.jpeg; path = height.jpeg; sourceTree = "<group>"; };
		0485CBA12AF8B46E0093B68E /* eat.jpeg */ = {isa = PBXFileReference; lastKnownFileType = image.jpeg; path = eat.jpeg; sourceTree = "<group>"; };
		0494BEE02ADB00A600076F61 /* ChatBotPageView.swift */ = {isa = PBXFileReference; lastKnownFileType = sourcecode.swift; path = ChatBotPageView.swift; sourceTree = "<group>"; };
		049C9B372ACBB87A00A95A98 /* LoginPageView.swift */ = {isa = PBXFileReference; lastKnownFileType = sourcecode.swift; path = LoginPageView.swift; sourceTree = "<group>"; };
		049C9B392ACBBB0600A95A98 /* RegisterPageView.swift */ = {isa = PBXFileReference; lastKnownFileType = sourcecode.swift; path = RegisterPageView.swift; sourceTree = "<group>"; };
		049C9B3B2ACBBB9C00A95A98 /* TabPageView.swift */ = {isa = PBXFileReference; lastKnownFileType = sourcecode.swift; path = TabPageView.swift; sourceTree = "<group>"; };
		049C9B3D2ACBBC3300A95A98 /* ProfilePageView.swift */ = {isa = PBXFileReference; lastKnownFileType = sourcecode.swift; path = ProfilePageView.swift; sourceTree = "<group>"; };
		049C9B3F2ACBBF4800A95A98 /* HomePageView.swift */ = {isa = PBXFileReference; lastKnownFileType = sourcecode.swift; path = HomePageView.swift; sourceTree = "<group>"; };
		049C9B412ACBC03800A95A98 /* RecordPageView.swift */ = {isa = PBXFileReference; lastKnownFileType = sourcecode.swift; path = RecordPageView.swift; sourceTree = "<group>"; };
		04AAE4CC2ADB90E20016CE4C /* GoogleService-Info.plist */ = {isa = PBXFileReference; fileEncoding = 4; lastKnownFileType = text.plist.xml; path = "GoogleService-Info.plist"; sourceTree = "<group>"; };
		04AD1E9E2B0203AD000E7AA3 /* DataManager.swift */ = {isa = PBXFileReference; lastKnownFileType = sourcecode.swift; path = DataManager.swift; sourceTree = "<group>"; };
		04AD1EA02B020BA4000E7AA3 /* background.jpg */ = {isa = PBXFileReference; lastKnownFileType = image.jpeg; path = background.jpg; sourceTree = "<group>"; };
		04AD1EA42B021490000E7AA3 /* fastingClock.png */ = {isa = PBXFileReference; lastKnownFileType = image.png; path = fastingClock.png; sourceTree = "<group>"; };
		04AD1EA82B026A28000E7AA3 /* avatar.jpeg */ = {isa = PBXFileReference; lastKnownFileType = image.jpeg; path = avatar.jpeg; sourceTree = "<group>"; };
		04AD1EAC2B03967B000E7AA3 /* Calories.json */ = {isa = PBXFileReference; fileEncoding = 4; lastKnownFileType = text.json; path = Calories.json; sourceTree = "<group>"; };
		9D03D8782AF9D56E009FDF47 /* Battery4.png */ = {isa = PBXFileReference; lastKnownFileType = image.png; path = Battery4.png; sourceTree = "<group>"; };
		9D03D8792AF9D56E009FDF47 /* Battery1.png */ = {isa = PBXFileReference; lastKnownFileType = image.png; path = Battery1.png; sourceTree = "<group>"; };
		9D03D87A2AF9D56E009FDF47 /* Battery5.png */ = {isa = PBXFileReference; lastKnownFileType = image.png; path = Battery5.png; sourceTree = "<group>"; };
		9D03D87B2AF9D56E009FDF47 /* camera-icon.png */ = {isa = PBXFileReference; lastKnownFileType = image.png; path = "camera-icon.png"; sourceTree = "<group>"; };
		9D03D87C2AF9D56E009FDF47 /* Battery3.png */ = {isa = PBXFileReference; lastKnownFileType = image.png; path = Battery3.png; sourceTree = "<group>"; };
		9D03D87D2AF9D56E009FDF47 /* Battery2.png */ = {isa = PBXFileReference; lastKnownFileType = image.png; path = Battery2.png; sourceTree = "<group>"; };
		9D03D87E2AF9D56E009FDF47 /* Battery6.png */ = {isa = PBXFileReference; lastKnownFileType = image.png; path = Battery6.png; sourceTree = "<group>"; };
		9D03D8862AF9D591009FDF47 /* lightning.png */ = {isa = PBXFileReference; lastKnownFileType = image.png; path = lightning.png; sourceTree = "<group>"; };
		9D3E4C632AEFD5F600AA8495 /* Homepage-ViewModel.swift */ = {isa = PBXFileReference; lastKnownFileType = sourcecode.swift; path = "Homepage-ViewModel.swift"; sourceTree = "<group>"; };
		9D8920222B025C99009BE076 /* XCTest.framework */ = {isa = PBXFileReference; lastKnownFileType = wrapper.framework; name = XCTest.framework; path = Platforms/iPhoneOS.platform/Developer/Library/Frameworks/XCTest.framework; sourceTree = DEVELOPER_DIR; };
		9D8920242B026824009BE076 /* ImagePicker.swift */ = {isa = PBXFileReference; lastKnownFileType = sourcecode.swift; path = ImagePicker.swift; sourceTree = "<group>"; };
/* End PBXFileReference section */

/* Begin PBXFrameworksBuildPhase section */
		040979A52AC1635800E7AA7E /* Frameworks */ = {
			isa = PBXFrameworksBuildPhase;
			buildActionMask = 2147483647;
			files = (
				9D8920232B025C99009BE076 /* XCTest.framework in Frameworks */,
				3AEB92452B0758E80025F126 /* FSCalendar in Frameworks */,
				0494BECF2ADAFA7100076F61 /* FirebaseDatabaseSwift in Frameworks */,
				0494BEC72ADAFA7100076F61 /* FirebaseAppCheck in Frameworks */,
				0494BECB2ADAFA7100076F61 /* FirebaseAuthCombine-Community in Frameworks */,
				0494BEDB2ADAFA7100076F61 /* FirebaseRemoteConfig in Frameworks */,
				0494BED32ADAFA7100076F61 /* FirebaseFirestore in Frameworks */,
				0494BEDF2ADAFA7100076F61 /* FirebaseStorage in Frameworks */,
				0494BEC92ADAFA7100076F61 /* FirebaseAuth in Frameworks */,
				0494BED52ADAFA7100076F61 /* FirebaseFirestoreCombine-Community in Frameworks */,
				0494BEC52ADAFA7100076F61 /* FirebaseAnalyticsSwift in Frameworks */,
				0494BED12ADAFA7100076F61 /* FirebaseDynamicLinks in Frameworks */,
				0494BEC12ADAFA7100076F61 /* FirebaseAnalytics in Frameworks */,
				460CB2FC2AEFDC4E002388F5 /* SwiftUICharts in Frameworks */,
				0494BED92ADAFA7100076F61 /* FirebaseFunctions in Frameworks */,
				0494BECD2ADAFA7100076F61 /* FirebaseDatabase in Frameworks */,
				0494BEDD2ADAFA7100076F61 /* FirebaseRemoteConfigSwift in Frameworks */,
				0494BEC32ADAFA7100076F61 /* FirebaseAnalyticsOnDeviceConversion in Frameworks */,
				0494BED72ADAFA7100076F61 /* FirebaseFirestoreSwift in Frameworks */,
			);
			runOnlyForDeploymentPostprocessing = 0;
		};
		040979B52AC1635A00E7AA7E /* Frameworks */ = {
			isa = PBXFrameworksBuildPhase;
			buildActionMask = 2147483647;
			files = (
			);
			runOnlyForDeploymentPostprocessing = 0;
		};
		040979BF2AC1635A00E7AA7E /* Frameworks */ = {
			isa = PBXFrameworksBuildPhase;
			buildActionMask = 2147483647;
			files = (
			);
			runOnlyForDeploymentPostprocessing = 0;
		};
/* End PBXFrameworksBuildPhase section */

/* Begin PBXGroup section */
		0409799F2AC1635800E7AA7E = {
			isa = PBXGroup;
			children = (
				040979AA2AC1635800E7AA7E /* FoodPrint */,
				040979BB2AC1635A00E7AA7E /* FoodPrintTests */,
				040979C52AC1635A00E7AA7E /* FoodPrintUITests */,
				040979A92AC1635800E7AA7E /* Products */,
				9D8920212B025C99009BE076 /* Frameworks */,
			);
			sourceTree = "<group>";
		};
		040979A92AC1635800E7AA7E /* Products */ = {
			isa = PBXGroup;
			children = (
				040979A82AC1635800E7AA7E /* FoodPrint.app */,
				040979B82AC1635A00E7AA7E /* FoodPrintTests.xctest */,
				040979C22AC1635A00E7AA7E /* FoodPrintUITests.xctest */,
			);
			name = Products;
			sourceTree = "<group>";
		};
		040979AA2AC1635800E7AA7E /* FoodPrint */ = {
			isa = PBXGroup;
			children = (
				0433BB842B07E51F005976B9 /* Intents */,
				04AAE4CC2ADB90E20016CE4C /* GoogleService-Info.plist */,
				040979DE2AC16B3B00E7AA7E /* Info.plist */,
				04AD1EAC2B03967B000E7AA3 /* Calories.json */,
				045354542B065B1E007BEBAE /* User.json */,
				040979DF2AC16C2000E7AA7E /* Imgs */,
				040979D72AC1692200E7AA7E /* Fonts */,
				040979AB2AC1635900E7AA7E /* FoodPrintApp.swift */,
				04AD1E9E2B0203AD000E7AA3 /* DataManager.swift */,
				040979AD2AC1635900E7AA7E /* WelcomePageView.swift */,
				049C9B372ACBB87A00A95A98 /* LoginPageView.swift */,
				9D3E4C632AEFD5F600AA8495 /* Homepage-ViewModel.swift */,
				049C9B392ACBBB0600A95A98 /* RegisterPageView.swift */,
				049C9B3B2ACBBB9C00A95A98 /* TabPageView.swift */,
				0494BEE02ADB00A600076F61 /* ChatBotPageView.swift */,
				049C9B3F2ACBBF4800A95A98 /* HomePageView.swift */,
				049C9B3D2ACBBC3300A95A98 /* ProfilePageView.swift */,
				0485CB8B2AF7FAC30093B68E /* ViewController.swift */,
				0485CB8F2AF806240093B68E /* SwipingHeightPage.swift */,
				0485CB932AF8A8560093B68E /* SwipingWeightPage.swift */,
				0485CB912AF806CB0093B68E /* SwipingGenderPage.swift */,
				0485CB972AF8AA4F0093B68E /* SwipingAgePage.swift */,
				0485CB952AF8A92B0093B68E /* SwipingEatPage.swift */,
				049C9B412ACBC03800A95A98 /* RecordPageView.swift */,
				9D8920242B026824009BE076 /* ImagePicker.swift */,
				040979AF2AC1635A00E7AA7E /* Assets.xcassets */,
				040979B12AC1635A00E7AA7E /* Preview Content */,
			);
			path = FoodPrint;
			sourceTree = "<group>";
		};
		040979B12AC1635A00E7AA7E /* Preview Content */ = {
			isa = PBXGroup;
			children = (
				040979B22AC1635A00E7AA7E /* Preview Assets.xcassets */,
			);
			path = "Preview Content";
			sourceTree = "<group>";
		};
		040979BB2AC1635A00E7AA7E /* FoodPrintTests */ = {
			isa = PBXGroup;
			children = (
				040979BC2AC1635A00E7AA7E /* FoodPrintTests.swift */,
			);
			path = FoodPrintTests;
			sourceTree = "<group>";
		};
		040979C52AC1635A00E7AA7E /* FoodPrintUITests */ = {
			isa = PBXGroup;
			children = (
				040979C62AC1635A00E7AA7E /* FoodPrintUITests.swift */,
				040979C82AC1635A00E7AA7E /* FoodPrintUITestsLaunchTests.swift */,
			);
			path = FoodPrintUITests;
			sourceTree = "<group>";
		};
		040979D72AC1692200E7AA7E /* Fonts */ = {
			isa = PBXGroup;
			children = (
				040979D92AC16A0600E7AA7E /* Kalam-Bold.ttf */,
				040979D82AC16A0600E7AA7E /* Kalam-Light.ttf */,
				040979DA2AC16A0700E7AA7E /* Kalam-Regular.ttf */,
			);
			path = Fonts;
			sourceTree = "<group>";
		};
		040979DF2AC16C2000E7AA7E /* Imgs */ = {
			isa = PBXGroup;
			children = (
				0433BB822B07E378005976B9 /* AppIcon.png */,
				9D03D8772AF9D504009FDF47 /* Homepage */,
				040979E02AC16C3E00E7AA7E /* fastingImg.png */,
				04AD1EA42B021490000E7AA3 /* fastingClock.png */,
				0485CB9A2AF8B10A0093B68E /* age.jpg */,
				0485CB9F2AF8B2750093B68E /* height.jpeg */,
				0485CBA12AF8B46E0093B68E /* eat.jpeg */,
				0485CB992AF8B10A0093B68E /* gender.jpg */,
				0485CB9B2AF8B10A0093B68E /* measure_weight.jpg */,
			);
			path = Imgs;
			sourceTree = "<group>";
		};
		0433BB842B07E51F005976B9 /* Intents */ = {
			isa = PBXGroup;
			children = (
				0433BB852B07E547005976B9 /* RecordIntent.swift */,
				0433BB872B07E752005976B9 /* RecordShortcuts.swift */,
			);
			path = Intents;
			sourceTree = "<group>";
		};
		9D03D8772AF9D504009FDF47 /* Homepage */ = {
			isa = PBXGroup;
			children = (
				04AD1EA82B026A28000E7AA3 /* avatar.jpeg */,
				04AD1EA02B020BA4000E7AA3 /* background.jpg */,
				9D03D8862AF9D591009FDF47 /* lightning.png */,
				9D03D8792AF9D56E009FDF47 /* Battery1.png */,
				9D03D87D2AF9D56E009FDF47 /* Battery2.png */,
				9D03D87C2AF9D56E009FDF47 /* Battery3.png */,
				9D03D8782AF9D56E009FDF47 /* Battery4.png */,
				9D03D87A2AF9D56E009FDF47 /* Battery5.png */,
				9D03D87E2AF9D56E009FDF47 /* Battery6.png */,
				9D03D87B2AF9D56E009FDF47 /* camera-icon.png */,
			);
			name = Homepage;
			sourceTree = "<group>";
		};
		9D8920212B025C99009BE076 /* Frameworks */ = {
			isa = PBXGroup;
			children = (
				9D8920222B025C99009BE076 /* XCTest.framework */,
			);
			name = Frameworks;
			sourceTree = "<group>";
		};
/* End PBXGroup section */

/* Begin PBXNativeTarget section */
		040979A72AC1635800E7AA7E /* FoodPrint */ = {
			isa = PBXNativeTarget;
			buildConfigurationList = 040979CC2AC1635A00E7AA7E /* Build configuration list for PBXNativeTarget "FoodPrint" */;
			buildPhases = (
				040979A42AC1635800E7AA7E /* Sources */,
				040979A52AC1635800E7AA7E /* Frameworks */,
				040979A62AC1635800E7AA7E /* Resources */,
			);
			buildRules = (
			);
			dependencies = (
			);
			name = FoodPrint;
			packageProductDependencies = (
				0494BEC02ADAFA7100076F61 /* FirebaseAnalytics */,
				0494BEC22ADAFA7100076F61 /* FirebaseAnalyticsOnDeviceConversion */,
				0494BEC42ADAFA7100076F61 /* FirebaseAnalyticsSwift */,
				0494BEC62ADAFA7100076F61 /* FirebaseAppCheck */,
				0494BEC82ADAFA7100076F61 /* FirebaseAuth */,
				0494BECA2ADAFA7100076F61 /* FirebaseAuthCombine-Community */,
				0494BECC2ADAFA7100076F61 /* FirebaseDatabase */,
				0494BECE2ADAFA7100076F61 /* FirebaseDatabaseSwift */,
				0494BED02ADAFA7100076F61 /* FirebaseDynamicLinks */,
				0494BED22ADAFA7100076F61 /* FirebaseFirestore */,
				0494BED42ADAFA7100076F61 /* FirebaseFirestoreCombine-Community */,
				0494BED62ADAFA7100076F61 /* FirebaseFirestoreSwift */,
				0494BED82ADAFA7100076F61 /* FirebaseFunctions */,
				0494BEDA2ADAFA7100076F61 /* FirebaseRemoteConfig */,
				0494BEDC2ADAFA7100076F61 /* FirebaseRemoteConfigSwift */,
				0494BEDE2ADAFA7100076F61 /* FirebaseStorage */,
				460CB2FB2AEFDC4E002388F5 /* SwiftUICharts */,
				3AEB92442B0758E80025F126 /* FSCalendar */,
			);
			productName = FoodPrint;
			productReference = 040979A82AC1635800E7AA7E /* FoodPrint.app */;
			productType = "com.apple.product-type.application";
		};
		040979B72AC1635A00E7AA7E /* FoodPrintTests */ = {
			isa = PBXNativeTarget;
			buildConfigurationList = 040979CF2AC1635A00E7AA7E /* Build configuration list for PBXNativeTarget "FoodPrintTests" */;
			buildPhases = (
				040979B42AC1635A00E7AA7E /* Sources */,
				040979B52AC1635A00E7AA7E /* Frameworks */,
				040979B62AC1635A00E7AA7E /* Resources */,
			);
			buildRules = (
			);
			dependencies = (
				040979BA2AC1635A00E7AA7E /* PBXTargetDependency */,
			);
			name = FoodPrintTests;
			productName = FoodPrintTests;
			productReference = 040979B82AC1635A00E7AA7E /* FoodPrintTests.xctest */;
			productType = "com.apple.product-type.bundle.unit-test";
		};
		040979C12AC1635A00E7AA7E /* FoodPrintUITests */ = {
			isa = PBXNativeTarget;
			buildConfigurationList = 040979D22AC1635A00E7AA7E /* Build configuration list for PBXNativeTarget "FoodPrintUITests" */;
			buildPhases = (
				040979BE2AC1635A00E7AA7E /* Sources */,
				040979BF2AC1635A00E7AA7E /* Frameworks */,
				040979C02AC1635A00E7AA7E /* Resources */,
			);
			buildRules = (
			);
			dependencies = (
				040979C42AC1635A00E7AA7E /* PBXTargetDependency */,
			);
			name = FoodPrintUITests;
			productName = FoodPrintUITests;
			productReference = 040979C22AC1635A00E7AA7E /* FoodPrintUITests.xctest */;
			productType = "com.apple.product-type.bundle.ui-testing";
		};
/* End PBXNativeTarget section */

/* Begin PBXProject section */
		040979A02AC1635800E7AA7E /* Project object */ = {
			isa = PBXProject;
			attributes = {
				BuildIndependentTargetsInParallel = 1;
				LastSwiftUpdateCheck = 1420;
				LastUpgradeCheck = 1420;
				TargetAttributes = {
					040979A72AC1635800E7AA7E = {
						CreatedOnToolsVersion = 14.2;
					};
					040979B72AC1635A00E7AA7E = {
						CreatedOnToolsVersion = 14.2;
						TestTargetID = 040979A72AC1635800E7AA7E;
					};
					040979C12AC1635A00E7AA7E = {
						CreatedOnToolsVersion = 14.2;
						TestTargetID = 040979A72AC1635800E7AA7E;
					};
				};
			};
			buildConfigurationList = 040979A32AC1635800E7AA7E /* Build configuration list for PBXProject "FoodPrint" */;
			compatibilityVersion = "Xcode 14.0";
			developmentRegion = en;
			hasScannedForEncodings = 0;
			knownRegions = (
				en,
				Base,
			);
			mainGroup = 0409799F2AC1635800E7AA7E;
			packageReferences = (
				0494BEBF2ADAFA7100076F61 /* XCRemoteSwiftPackageReference "firebase-ios-sdk" */,
				460CB2FA2AEFDC4E002388F5 /* XCRemoteSwiftPackageReference "ChartView" */,
				3AEB92432B0758E80025F126 /* XCRemoteSwiftPackageReference "FSCalendar" */,
			);
			productRefGroup = 040979A92AC1635800E7AA7E /* Products */;
			projectDirPath = "";
			projectRoot = "";
			targets = (
				040979A72AC1635800E7AA7E /* FoodPrint */,
				040979B72AC1635A00E7AA7E /* FoodPrintTests */,
				040979C12AC1635A00E7AA7E /* FoodPrintUITests */,
			);
		};
/* End PBXProject section */

/* Begin PBXResourcesBuildPhase section */
		040979A62AC1635800E7AA7E /* Resources */ = {
			isa = PBXResourcesBuildPhase;
			buildActionMask = 2147483647;
			files = (
				0433BB832B07E378005976B9 /* AppIcon.png in Resources */,
				040979DB2AC16A0700E7AA7E /* Kalam-Light.ttf in Resources */,
				04AAE4CD2ADB90E20016CE4C /* GoogleService-Info.plist in Resources */,
				9D03D8822AF9D56E009FDF47 /* camera-icon.png in Resources */,
				9D03D87F2AF9D56E009FDF47 /* Battery4.png in Resources */,
				9D03D8852AF9D56E009FDF47 /* Battery6.png in Resources */,
				0485CBA22AF8B46E0093B68E /* eat.jpeg in Resources */,
				9D03D8832AF9D56E009FDF47 /* Battery3.png in Resources */,
				04AD1EA52B021491000E7AA3 /* fastingClock.png in Resources */,
				9D03D8872AF9D591009FDF47 /* lightning.png in Resources */,
				0485CB9E2AF8B10B0093B68E /* measure_weight.jpg in Resources */,
				04AD1EA12B020BA5000E7AA3 /* background.jpg in Resources */,
				040979DD2AC16A0700E7AA7E /* Kalam-Regular.ttf in Resources */,
				040979B32AC1635A00E7AA7E /* Preview Assets.xcassets in Resources */,
				040979DC2AC16A0700E7AA7E /* Kalam-Bold.ttf in Resources */,
				04AD1EA92B026A28000E7AA3 /* avatar.jpeg in Resources */,
				04AD1EAD2B03967B000E7AA3 /* Calories.json in Resources */,
				0485CBA02AF8B2750093B68E /* height.jpeg in Resources */,
				040979E12AC16C3E00E7AA7E /* fastingImg.png in Resources */,
				0485CB9D2AF8B10B0093B68E /* age.jpg in Resources */,
				9D03D8842AF9D56E009FDF47 /* Battery2.png in Resources */,
				0485CB9C2AF8B10B0093B68E /* gender.jpg in Resources */,
				045354552B065B1E007BEBAE /* User.json in Resources */,
				040979B02AC1635A00E7AA7E /* Assets.xcassets in Resources */,
				9D03D8802AF9D56E009FDF47 /* Battery1.png in Resources */,
				9D03D8812AF9D56E009FDF47 /* Battery5.png in Resources */,
			);
			runOnlyForDeploymentPostprocessing = 0;
		};
		040979B62AC1635A00E7AA7E /* Resources */ = {
			isa = PBXResourcesBuildPhase;
			buildActionMask = 2147483647;
			files = (
				04AAE4CE2ADB90E20016CE4C /* GoogleService-Info.plist in Resources */,
			);
			runOnlyForDeploymentPostprocessing = 0;
		};
		040979C02AC1635A00E7AA7E /* Resources */ = {
			isa = PBXResourcesBuildPhase;
			buildActionMask = 2147483647;
			files = (
				04AAE4CF2ADB90E20016CE4C /* GoogleService-Info.plist in Resources */,
			);
			runOnlyForDeploymentPostprocessing = 0;
		};
/* End PBXResourcesBuildPhase section */

/* Begin PBXSourcesBuildPhase section */
		040979A42AC1635800E7AA7E /* Sources */ = {
			isa = PBXSourcesBuildPhase;
			buildActionMask = 2147483647;
			files = (
				9D3E4C642AEFD5F600AA8495 /* Homepage-ViewModel.swift in Sources */,
				0485CB942AF8A8560093B68E /* SwipingWeightPage.swift in Sources */,
				0433BB882B07E752005976B9 /* RecordShortcuts.swift in Sources */,
				0485CB8C2AF7FAC30093B68E /* ViewController.swift in Sources */,
				0433BB862B07E547005976B9 /* RecordIntent.swift in Sources */,
				9D8920252B026825009BE076 /* ImagePicker.swift in Sources */,
				0485CB902AF806240093B68E /* SwipingHeightPage.swift in Sources */,
				0485CB982AF8AA4F0093B68E /* SwipingAgePage.swift in Sources */,
				040979AE2AC1635900E7AA7E /* WelcomePageView.swift in Sources */,
				049C9B3E2ACBBC3300A95A98 /* ProfilePageView.swift in Sources */,
				040979AC2AC1635900E7AA7E /* FoodPrintApp.swift in Sources */,
				049C9B3C2ACBBB9C00A95A98 /* TabPageView.swift in Sources */,
				04AD1E9F2B0203AD000E7AA3 /* DataManager.swift in Sources */,
				0485CB962AF8A92B0093B68E /* SwipingEatPage.swift in Sources */,
				049C9B3A2ACBBB0600A95A98 /* RegisterPageView.swift in Sources */,
				049C9B402ACBBF4800A95A98 /* HomePageView.swift in Sources */,
				049C9B422ACBC03800A95A98 /* RecordPageView.swift in Sources */,
				0494BEE12ADB00A600076F61 /* ChatBotPageView.swift in Sources */,
				0485CB922AF806CB0093B68E /* SwipingGenderPage.swift in Sources */,
				049C9B382ACBB87A00A95A98 /* LoginPageView.swift in Sources */,
			);
			runOnlyForDeploymentPostprocessing = 0;
		};
		040979B42AC1635A00E7AA7E /* Sources */ = {
			isa = PBXSourcesBuildPhase;
			buildActionMask = 2147483647;
			files = (
				040979BD2AC1635A00E7AA7E /* FoodPrintTests.swift in Sources */,
				0494BEE22ADB00A600076F61 /* ChatBotPageView.swift in Sources */,
			);
			runOnlyForDeploymentPostprocessing = 0;
		};
		040979BE2AC1635A00E7AA7E /* Sources */ = {
			isa = PBXSourcesBuildPhase;
			buildActionMask = 2147483647;
			files = (
				040979C92AC1635A00E7AA7E /* FoodPrintUITestsLaunchTests.swift in Sources */,
				0494BEE32ADB00A600076F61 /* ChatBotPageView.swift in Sources */,
				040979C72AC1635A00E7AA7E /* FoodPrintUITests.swift in Sources */,
			);
			runOnlyForDeploymentPostprocessing = 0;
		};
/* End PBXSourcesBuildPhase section */

/* Begin PBXTargetDependency section */
		040979BA2AC1635A00E7AA7E /* PBXTargetDependency */ = {
			isa = PBXTargetDependency;
			target = 040979A72AC1635800E7AA7E /* FoodPrint */;
			targetProxy = 040979B92AC1635A00E7AA7E /* PBXContainerItemProxy */;
		};
		040979C42AC1635A00E7AA7E /* PBXTargetDependency */ = {
			isa = PBXTargetDependency;
			target = 040979A72AC1635800E7AA7E /* FoodPrint */;
			targetProxy = 040979C32AC1635A00E7AA7E /* PBXContainerItemProxy */;
		};
/* End PBXTargetDependency section */

/* Begin XCBuildConfiguration section */
		040979CA2AC1635A00E7AA7E /* Debug */ = {
			isa = XCBuildConfiguration;
			buildSettings = {
				ALWAYS_SEARCH_USER_PATHS = NO;
				CLANG_ANALYZER_NONNULL = YES;
				CLANG_ANALYZER_NUMBER_OBJECT_CONVERSION = YES_AGGRESSIVE;
				CLANG_CXX_LANGUAGE_STANDARD = "gnu++20";
				CLANG_ENABLE_MODULES = YES;
				CLANG_ENABLE_OBJC_ARC = YES;
				CLANG_ENABLE_OBJC_WEAK = YES;
				CLANG_WARN_BLOCK_CAPTURE_AUTORELEASING = YES;
				CLANG_WARN_BOOL_CONVERSION = YES;
				CLANG_WARN_COMMA = YES;
				CLANG_WARN_CONSTANT_CONVERSION = YES;
				CLANG_WARN_DEPRECATED_OBJC_IMPLEMENTATIONS = YES;
				CLANG_WARN_DIRECT_OBJC_ISA_USAGE = YES_ERROR;
				CLANG_WARN_DOCUMENTATION_COMMENTS = YES;
				CLANG_WARN_EMPTY_BODY = YES;
				CLANG_WARN_ENUM_CONVERSION = YES;
				CLANG_WARN_INFINITE_RECURSION = YES;
				CLANG_WARN_INT_CONVERSION = YES;
				CLANG_WARN_NON_LITERAL_NULL_CONVERSION = YES;
				CLANG_WARN_OBJC_IMPLICIT_RETAIN_SELF = YES;
				CLANG_WARN_OBJC_LITERAL_CONVERSION = YES;
				CLANG_WARN_OBJC_ROOT_CLASS = YES_ERROR;
				CLANG_WARN_QUOTED_INCLUDE_IN_FRAMEWORK_HEADER = YES;
				CLANG_WARN_RANGE_LOOP_ANALYSIS = YES;
				CLANG_WARN_STRICT_PROTOTYPES = YES;
				CLANG_WARN_SUSPICIOUS_MOVE = YES;
				CLANG_WARN_UNGUARDED_AVAILABILITY = YES_AGGRESSIVE;
				CLANG_WARN_UNREACHABLE_CODE = YES;
				CLANG_WARN__DUPLICATE_METHOD_MATCH = YES;
				COPY_PHASE_STRIP = NO;
				DEBUG_INFORMATION_FORMAT = dwarf;
				ENABLE_STRICT_OBJC_MSGSEND = YES;
				ENABLE_TESTABILITY = YES;
				GCC_C_LANGUAGE_STANDARD = gnu11;
				GCC_DYNAMIC_NO_PIC = NO;
				GCC_NO_COMMON_BLOCKS = YES;
				GCC_OPTIMIZATION_LEVEL = 0;
				GCC_PREPROCESSOR_DEFINITIONS = (
					"DEBUG=1",
					"$(inherited)",
				);
				GCC_WARN_64_TO_32_BIT_CONVERSION = YES;
				GCC_WARN_ABOUT_RETURN_TYPE = YES_ERROR;
				GCC_WARN_UNDECLARED_SELECTOR = YES;
				GCC_WARN_UNINITIALIZED_AUTOS = YES_AGGRESSIVE;
				GCC_WARN_UNUSED_FUNCTION = YES;
				GCC_WARN_UNUSED_VARIABLE = YES;
				IPHONEOS_DEPLOYMENT_TARGET = 16.1;
				MTL_ENABLE_DEBUG_INFO = INCLUDE_SOURCE;
				MTL_FAST_MATH = YES;
				ONLY_ACTIVE_ARCH = YES;
				SDKROOT = iphoneos;
				SWIFT_ACTIVE_COMPILATION_CONDITIONS = DEBUG;
				SWIFT_OPTIMIZATION_LEVEL = "-Onone";
			};
			name = Debug;
		};
		040979CB2AC1635A00E7AA7E /* Release */ = {
			isa = XCBuildConfiguration;
			buildSettings = {
				ALWAYS_SEARCH_USER_PATHS = NO;
				CLANG_ANALYZER_NONNULL = YES;
				CLANG_ANALYZER_NUMBER_OBJECT_CONVERSION = YES_AGGRESSIVE;
				CLANG_CXX_LANGUAGE_STANDARD = "gnu++20";
				CLANG_ENABLE_MODULES = YES;
				CLANG_ENABLE_OBJC_ARC = YES;
				CLANG_ENABLE_OBJC_WEAK = YES;
				CLANG_WARN_BLOCK_CAPTURE_AUTORELEASING = YES;
				CLANG_WARN_BOOL_CONVERSION = YES;
				CLANG_WARN_COMMA = YES;
				CLANG_WARN_CONSTANT_CONVERSION = YES;
				CLANG_WARN_DEPRECATED_OBJC_IMPLEMENTATIONS = YES;
				CLANG_WARN_DIRECT_OBJC_ISA_USAGE = YES_ERROR;
				CLANG_WARN_DOCUMENTATION_COMMENTS = YES;
				CLANG_WARN_EMPTY_BODY = YES;
				CLANG_WARN_ENUM_CONVERSION = YES;
				CLANG_WARN_INFINITE_RECURSION = YES;
				CLANG_WARN_INT_CONVERSION = YES;
				CLANG_WARN_NON_LITERAL_NULL_CONVERSION = YES;
				CLANG_WARN_OBJC_IMPLICIT_RETAIN_SELF = YES;
				CLANG_WARN_OBJC_LITERAL_CONVERSION = YES;
				CLANG_WARN_OBJC_ROOT_CLASS = YES_ERROR;
				CLANG_WARN_QUOTED_INCLUDE_IN_FRAMEWORK_HEADER = YES;
				CLANG_WARN_RANGE_LOOP_ANALYSIS = YES;
				CLANG_WARN_STRICT_PROTOTYPES = YES;
				CLANG_WARN_SUSPICIOUS_MOVE = YES;
				CLANG_WARN_UNGUARDED_AVAILABILITY = YES_AGGRESSIVE;
				CLANG_WARN_UNREACHABLE_CODE = YES;
				CLANG_WARN__DUPLICATE_METHOD_MATCH = YES;
				COPY_PHASE_STRIP = NO;
				DEBUG_INFORMATION_FORMAT = "dwarf-with-dsym";
				ENABLE_NS_ASSERTIONS = NO;
				ENABLE_STRICT_OBJC_MSGSEND = YES;
				GCC_C_LANGUAGE_STANDARD = gnu11;
				GCC_NO_COMMON_BLOCKS = YES;
				GCC_WARN_64_TO_32_BIT_CONVERSION = YES;
				GCC_WARN_ABOUT_RETURN_TYPE = YES_ERROR;
				GCC_WARN_UNDECLARED_SELECTOR = YES;
				GCC_WARN_UNINITIALIZED_AUTOS = YES_AGGRESSIVE;
				GCC_WARN_UNUSED_FUNCTION = YES;
				GCC_WARN_UNUSED_VARIABLE = YES;
				IPHONEOS_DEPLOYMENT_TARGET = 16.1;
				MTL_ENABLE_DEBUG_INFO = NO;
				MTL_FAST_MATH = YES;
				SDKROOT = iphoneos;
				SWIFT_COMPILATION_MODE = wholemodule;
				SWIFT_OPTIMIZATION_LEVEL = "-O";
				VALIDATE_PRODUCT = YES;
			};
			name = Release;
		};
		040979CD2AC1635A00E7AA7E /* Debug */ = {
			isa = XCBuildConfiguration;
			buildSettings = {
				ALWAYS_EMBED_SWIFT_STANDARD_LIBRARIES = YES;
				ASSETCATALOG_COMPILER_APPICON_NAME = AppIcon;
				ASSETCATALOG_COMPILER_GLOBAL_ACCENT_COLOR_NAME = AccentColor;
				CODE_SIGN_STYLE = Automatic;
				CURRENT_PROJECT_VERSION = 1;
				DEVELOPMENT_ASSET_PATHS = "\"FoodPrint/Preview Content\"";
				DEVELOPMENT_TEAM = 239VUMCCZ3;
				ENABLE_PREVIEWS = YES;
				ENABLE_TESTING_SEARCH_PATHS = YES;
				GENERATE_INFOPLIST_FILE = YES;
				INFOPLIST_FILE = FoodPrint/Info.plist;
				INFOPLIST_KEY_NSCameraUsageDescription = "This app requires usage of camera to function property! ";
				INFOPLIST_KEY_UIApplicationSceneManifest_Generation = YES;
				INFOPLIST_KEY_UIApplicationSupportsIndirectInputEvents = YES;
				INFOPLIST_KEY_UILaunchScreen_Generation = YES;
				INFOPLIST_KEY_UISupportedInterfaceOrientations_iPad = "UIInterfaceOrientationPortrait UIInterfaceOrientationPortraitUpsideDown UIInterfaceOrientationLandscapeLeft UIInterfaceOrientationLandscapeRight";
				INFOPLIST_KEY_UISupportedInterfaceOrientations_iPhone = "UIInterfaceOrientationPortrait UIInterfaceOrientationLandscapeLeft UIInterfaceOrientationLandscapeRight";
				LD_RUNPATH_SEARCH_PATHS = (
					"$(inherited)",
					"@executable_path/Frameworks",
				);
				MARKETING_VERSION = 1.0;
				PRODUCT_BUNDLE_IDENTIFIER = com.rundong.Foodprint;
				PRODUCT_NAME = "$(TARGET_NAME)";
				SWIFT_EMIT_LOC_STRINGS = YES;
				SWIFT_VERSION = 5.0;
				TARGETED_DEVICE_FAMILY = "1,2";
			};
			name = Debug;
		};
		040979CE2AC1635A00E7AA7E /* Release */ = {
			isa = XCBuildConfiguration;
			buildSettings = {
				ALWAYS_EMBED_SWIFT_STANDARD_LIBRARIES = YES;
				ASSETCATALOG_COMPILER_APPICON_NAME = AppIcon;
				ASSETCATALOG_COMPILER_GLOBAL_ACCENT_COLOR_NAME = AccentColor;
				CODE_SIGN_STYLE = Automatic;
				CURRENT_PROJECT_VERSION = 1;
				DEVELOPMENT_ASSET_PATHS = "\"FoodPrint/Preview Content\"";
				DEVELOPMENT_TEAM = 239VUMCCZ3;
				ENABLE_PREVIEWS = YES;
				ENABLE_TESTING_SEARCH_PATHS = YES;
				GENERATE_INFOPLIST_FILE = YES;
				INFOPLIST_FILE = FoodPrint/Info.plist;
				INFOPLIST_KEY_NSCameraUsageDescription = "This app requires usage of camera to function property! ";
				INFOPLIST_KEY_UIApplicationSceneManifest_Generation = YES;
				INFOPLIST_KEY_UIApplicationSupportsIndirectInputEvents = YES;
				INFOPLIST_KEY_UILaunchScreen_Generation = YES;
				INFOPLIST_KEY_UISupportedInterfaceOrientations_iPad = "UIInterfaceOrientationPortrait UIInterfaceOrientationPortraitUpsideDown UIInterfaceOrientationLandscapeLeft UIInterfaceOrientationLandscapeRight";
				INFOPLIST_KEY_UISupportedInterfaceOrientations_iPhone = "UIInterfaceOrientationPortrait UIInterfaceOrientationLandscapeLeft UIInterfaceOrientationLandscapeRight";
				LD_RUNPATH_SEARCH_PATHS = (
					"$(inherited)",
					"@executable_path/Frameworks",
				);
				MARKETING_VERSION = 1.0;
				PRODUCT_BUNDLE_IDENTIFIER = com.rundong.Foodprint;
				PRODUCT_NAME = "$(TARGET_NAME)";
				SWIFT_EMIT_LOC_STRINGS = YES;
				SWIFT_VERSION = 5.0;
				TARGETED_DEVICE_FAMILY = "1,2";
			};
			name = Release;
		};
		040979D02AC1635A00E7AA7E /* Debug */ = {
			isa = XCBuildConfiguration;
			buildSettings = {
				ALWAYS_EMBED_SWIFT_STANDARD_LIBRARIES = YES;
				BUNDLE_LOADER = "$(TEST_HOST)";
				CODE_SIGN_STYLE = Automatic;
				CURRENT_PROJECT_VERSION = 1;
				DEVELOPMENT_TEAM = DJY49YYL9Z;
				GENERATE_INFOPLIST_FILE = YES;
				IPHONEOS_DEPLOYMENT_TARGET = 16.2;
				MARKETING_VERSION = 1.0;
				PRODUCT_BUNDLE_IDENTIFIER = com.lexiezhou.FoodPrintTests;
				PRODUCT_NAME = "$(TARGET_NAME)";
				SWIFT_EMIT_LOC_STRINGS = NO;
				SWIFT_VERSION = 5.0;
				TARGETED_DEVICE_FAMILY = "1,2";
				TEST_HOST = "$(BUILT_PRODUCTS_DIR)/FoodPrint.app/$(BUNDLE_EXECUTABLE_FOLDER_PATH)/FoodPrint";
			};
			name = Debug;
		};
		040979D12AC1635A00E7AA7E /* Release */ = {
			isa = XCBuildConfiguration;
			buildSettings = {
				ALWAYS_EMBED_SWIFT_STANDARD_LIBRARIES = YES;
				BUNDLE_LOADER = "$(TEST_HOST)";
				CODE_SIGN_STYLE = Automatic;
				CURRENT_PROJECT_VERSION = 1;
				DEVELOPMENT_TEAM = DJY49YYL9Z;
				GENERATE_INFOPLIST_FILE = YES;
				IPHONEOS_DEPLOYMENT_TARGET = 16.2;
				MARKETING_VERSION = 1.0;
				PRODUCT_BUNDLE_IDENTIFIER = com.lexiezhou.FoodPrintTests;
				PRODUCT_NAME = "$(TARGET_NAME)";
				SWIFT_EMIT_LOC_STRINGS = NO;
				SWIFT_VERSION = 5.0;
				TARGETED_DEVICE_FAMILY = "1,2";
				TEST_HOST = "$(BUILT_PRODUCTS_DIR)/FoodPrint.app/$(BUNDLE_EXECUTABLE_FOLDER_PATH)/FoodPrint";
			};
			name = Release;
		};
		040979D32AC1635A00E7AA7E /* Debug */ = {
			isa = XCBuildConfiguration;
			buildSettings = {
				ALWAYS_EMBED_SWIFT_STANDARD_LIBRARIES = YES;
				CODE_SIGN_STYLE = Automatic;
				CURRENT_PROJECT_VERSION = 1;
				DEVELOPMENT_TEAM = DJY49YYL9Z;
				GENERATE_INFOPLIST_FILE = YES;
				MARKETING_VERSION = 1.0;
				PRODUCT_BUNDLE_IDENTIFIER = com.lexiezhou.FoodPrintUITests;
				PRODUCT_NAME = "$(TARGET_NAME)";
				SWIFT_EMIT_LOC_STRINGS = NO;
				SWIFT_VERSION = 5.0;
				TARGETED_DEVICE_FAMILY = "1,2";
				TEST_TARGET_NAME = FoodPrint;
			};
			name = Debug;
		};
		040979D42AC1635A00E7AA7E /* Release */ = {
			isa = XCBuildConfiguration;
			buildSettings = {
				ALWAYS_EMBED_SWIFT_STANDARD_LIBRARIES = YES;
				CODE_SIGN_STYLE = Automatic;
				CURRENT_PROJECT_VERSION = 1;
				DEVELOPMENT_TEAM = DJY49YYL9Z;
				GENERATE_INFOPLIST_FILE = YES;
				MARKETING_VERSION = 1.0;
				PRODUCT_BUNDLE_IDENTIFIER = com.lexiezhou.FoodPrintUITests;
				PRODUCT_NAME = "$(TARGET_NAME)";
				SWIFT_EMIT_LOC_STRINGS = NO;
				SWIFT_VERSION = 5.0;
				TARGETED_DEVICE_FAMILY = "1,2";
				TEST_TARGET_NAME = FoodPrint;
			};
			name = Release;
		};
/* End XCBuildConfiguration section */

/* Begin XCConfigurationList section */
		040979A32AC1635800E7AA7E /* Build configuration list for PBXProject "FoodPrint" */ = {
			isa = XCConfigurationList;
			buildConfigurations = (
				040979CA2AC1635A00E7AA7E /* Debug */,
				040979CB2AC1635A00E7AA7E /* Release */,
			);
			defaultConfigurationIsVisible = 0;
			defaultConfigurationName = Release;
		};
		040979CC2AC1635A00E7AA7E /* Build configuration list for PBXNativeTarget "FoodPrint" */ = {
			isa = XCConfigurationList;
			buildConfigurations = (
				040979CD2AC1635A00E7AA7E /* Debug */,
				040979CE2AC1635A00E7AA7E /* Release */,
			);
			defaultConfigurationIsVisible = 0;
			defaultConfigurationName = Release;
		};
		040979CF2AC1635A00E7AA7E /* Build configuration list for PBXNativeTarget "FoodPrintTests" */ = {
			isa = XCConfigurationList;
			buildConfigurations = (
				040979D02AC1635A00E7AA7E /* Debug */,
				040979D12AC1635A00E7AA7E /* Release */,
			);
			defaultConfigurationIsVisible = 0;
			defaultConfigurationName = Release;
		};
		040979D22AC1635A00E7AA7E /* Build configuration list for PBXNativeTarget "FoodPrintUITests" */ = {
			isa = XCConfigurationList;
			buildConfigurations = (
				040979D32AC1635A00E7AA7E /* Debug */,
				040979D42AC1635A00E7AA7E /* Release */,
			);
			defaultConfigurationIsVisible = 0;
			defaultConfigurationName = Release;
		};
/* End XCConfigurationList section */

/* Begin XCRemoteSwiftPackageReference section */
		0494BEBF2ADAFA7100076F61 /* XCRemoteSwiftPackageReference "firebase-ios-sdk" */ = {
			isa = XCRemoteSwiftPackageReference;
			repositoryURL = "https://github.com/firebase/firebase-ios-sdk";
			requirement = {
				kind = upToNextMajorVersion;
				minimumVersion = 10.0.0;
			};
		};
		3AEB92432B0758E80025F126 /* XCRemoteSwiftPackageReference "FSCalendar" */ = {
			isa = XCRemoteSwiftPackageReference;
			repositoryURL = "https://github.com/WenchaoD/FSCalendar";
			requirement = {
				kind = upToNextMajorVersion;
				minimumVersion = 2.8.4;
			};
		};
		460CB2FA2AEFDC4E002388F5 /* XCRemoteSwiftPackageReference "ChartView" */ = {
			isa = XCRemoteSwiftPackageReference;
			repositoryURL = "https://github.com/AppPear/ChartView";
			requirement = {
				kind = upToNextMajorVersion;
				minimumVersion = 1.0.0;
			};
		};
/* End XCRemoteSwiftPackageReference section */

/* Begin XCSwiftPackageProductDependency section */
		0494BEC02ADAFA7100076F61 /* FirebaseAnalytics */ = {
			isa = XCSwiftPackageProductDependency;
			package = 0494BEBF2ADAFA7100076F61 /* XCRemoteSwiftPackageReference "firebase-ios-sdk" */;
			productName = FirebaseAnalytics;
		};
		0494BEC22ADAFA7100076F61 /* FirebaseAnalyticsOnDeviceConversion */ = {
			isa = XCSwiftPackageProductDependency;
			package = 0494BEBF2ADAFA7100076F61 /* XCRemoteSwiftPackageReference "firebase-ios-sdk" */;
			productName = FirebaseAnalyticsOnDeviceConversion;
		};
		0494BEC42ADAFA7100076F61 /* FirebaseAnalyticsSwift */ = {
			isa = XCSwiftPackageProductDependency;
			package = 0494BEBF2ADAFA7100076F61 /* XCRemoteSwiftPackageReference "firebase-ios-sdk" */;
			productName = FirebaseAnalyticsSwift;
		};
		0494BEC62ADAFA7100076F61 /* FirebaseAppCheck */ = {
			isa = XCSwiftPackageProductDependency;
			package = 0494BEBF2ADAFA7100076F61 /* XCRemoteSwiftPackageReference "firebase-ios-sdk" */;
			productName = FirebaseAppCheck;
		};
		0494BEC82ADAFA7100076F61 /* FirebaseAuth */ = {
			isa = XCSwiftPackageProductDependency;
			package = 0494BEBF2ADAFA7100076F61 /* XCRemoteSwiftPackageReference "firebase-ios-sdk" */;
			productName = FirebaseAuth;
		};
		0494BECA2ADAFA7100076F61 /* FirebaseAuthCombine-Community */ = {
			isa = XCSwiftPackageProductDependency;
			package = 0494BEBF2ADAFA7100076F61 /* XCRemoteSwiftPackageReference "firebase-ios-sdk" */;
			productName = "FirebaseAuthCombine-Community";
		};
		0494BECC2ADAFA7100076F61 /* FirebaseDatabase */ = {
			isa = XCSwiftPackageProductDependency;
			package = 0494BEBF2ADAFA7100076F61 /* XCRemoteSwiftPackageReference "firebase-ios-sdk" */;
			productName = FirebaseDatabase;
		};
		0494BECE2ADAFA7100076F61 /* FirebaseDatabaseSwift */ = {
			isa = XCSwiftPackageProductDependency;
			package = 0494BEBF2ADAFA7100076F61 /* XCRemoteSwiftPackageReference "firebase-ios-sdk" */;
			productName = FirebaseDatabaseSwift;
		};
		0494BED02ADAFA7100076F61 /* FirebaseDynamicLinks */ = {
			isa = XCSwiftPackageProductDependency;
			package = 0494BEBF2ADAFA7100076F61 /* XCRemoteSwiftPackageReference "firebase-ios-sdk" */;
			productName = FirebaseDynamicLinks;
		};
		0494BED22ADAFA7100076F61 /* FirebaseFirestore */ = {
			isa = XCSwiftPackageProductDependency;
			package = 0494BEBF2ADAFA7100076F61 /* XCRemoteSwiftPackageReference "firebase-ios-sdk" */;
			productName = FirebaseFirestore;
		};
		0494BED42ADAFA7100076F61 /* FirebaseFirestoreCombine-Community */ = {
			isa = XCSwiftPackageProductDependency;
			package = 0494BEBF2ADAFA7100076F61 /* XCRemoteSwiftPackageReference "firebase-ios-sdk" */;
			productName = "FirebaseFirestoreCombine-Community";
		};
		0494BED62ADAFA7100076F61 /* FirebaseFirestoreSwift */ = {
			isa = XCSwiftPackageProductDependency;
			package = 0494BEBF2ADAFA7100076F61 /* XCRemoteSwiftPackageReference "firebase-ios-sdk" */;
			productName = FirebaseFirestoreSwift;
		};
		0494BED82ADAFA7100076F61 /* FirebaseFunctions */ = {
			isa = XCSwiftPackageProductDependency;
			package = 0494BEBF2ADAFA7100076F61 /* XCRemoteSwiftPackageReference "firebase-ios-sdk" */;
			productName = FirebaseFunctions;
		};
		0494BEDA2ADAFA7100076F61 /* FirebaseRemoteConfig */ = {
			isa = XCSwiftPackageProductDependency;
			package = 0494BEBF2ADAFA7100076F61 /* XCRemoteSwiftPackageReference "firebase-ios-sdk" */;
			productName = FirebaseRemoteConfig;
		};
		0494BEDC2ADAFA7100076F61 /* FirebaseRemoteConfigSwift */ = {
			isa = XCSwiftPackageProductDependency;
			package = 0494BEBF2ADAFA7100076F61 /* XCRemoteSwiftPackageReference "firebase-ios-sdk" */;
			productName = FirebaseRemoteConfigSwift;
		};
		0494BEDE2ADAFA7100076F61 /* FirebaseStorage */ = {
			isa = XCSwiftPackageProductDependency;
			package = 0494BEBF2ADAFA7100076F61 /* XCRemoteSwiftPackageReference "firebase-ios-sdk" */;
			productName = FirebaseStorage;
		};
		3AEB92442B0758E80025F126 /* FSCalendar */ = {
			isa = XCSwiftPackageProductDependency;
			package = 3AEB92432B0758E80025F126 /* XCRemoteSwiftPackageReference "FSCalendar" */;
			productName = FSCalendar;
		};
		460CB2FB2AEFDC4E002388F5 /* SwiftUICharts */ = {
			isa = XCSwiftPackageProductDependency;
			package = 460CB2FA2AEFDC4E002388F5 /* XCRemoteSwiftPackageReference "ChartView" */;
			productName = SwiftUICharts;
		};
/* End XCSwiftPackageProductDependency section */
	};
	rootObject = 040979A02AC1635800E7AA7E /* Project object */;
}
